// !$*UTF8*$!
{
	archiveVersion = 1;
	classes = {
	};
	objectVersion = 50;
	objects = {

/* Begin PBXBuildFile section */
		071074F32292F21A003B9279 /* SemesterSwitcherView.swift in Sources */ = {isa = PBXBuildFile; fileRef = 071074F22292F21A003B9279 /* SemesterSwitcherView.swift */; };
		071074F522930259003B9279 /* StudyProgramTableViewCell.swift in Sources */ = {isa = PBXBuildFile; fileRef = 071074F422930259003B9279 /* StudyProgramTableViewCell.swift */; };
		071074F7229302AA003B9279 /* StudyProgramTableViewHeader.swift in Sources */ = {isa = PBXBuildFile; fileRef = 071074F6229302AA003B9279 /* StudyProgramTableViewHeader.swift */; };
		071074F9229310EA003B9279 /* Launch Screen.storyboard in Resources */ = {isa = PBXBuildFile; fileRef = 071074F8229310EA003B9279 /* Launch Screen.storyboard */; };
		0711EF0622915B1600F49858 /* FacultiesViewController.swift in Sources */ = {isa = PBXBuildFile; fileRef = 0711EF0522915B1600F49858 /* FacultiesViewController.swift */; };
		0711EF0822915B3900F49858 /* FacultyDetailViewController.swift in Sources */ = {isa = PBXBuildFile; fileRef = 0711EF0722915B3900F49858 /* FacultyDetailViewController.swift */; };
		0711EF0A22915E2200F49858 /* StudyProgramViewController.swift in Sources */ = {isa = PBXBuildFile; fileRef = 0711EF0922915E2200F49858 /* StudyProgramViewController.swift */; };
		0711EF0C22915E3900F49858 /* CourseDetailViewController.swift in Sources */ = {isa = PBXBuildFile; fileRef = 0711EF0B22915E3900F49858 /* CourseDetailViewController.swift */; };
		0711EF112291618200F49858 /* FacultiesTableViewCell.swift in Sources */ = {isa = PBXBuildFile; fileRef = 0711EF102291618200F49858 /* FacultiesTableViewCell.swift */; };
		0711EF162291C15200F49858 /* FacultyDetailTableViewCell.swift in Sources */ = {isa = PBXBuildFile; fileRef = 0711EF152291C15200F49858 /* FacultyDetailTableViewCell.swift */; };
		0711EF182291C1B400F49858 /* FacultyDetailTableViewHeader.swift in Sources */ = {isa = PBXBuildFile; fileRef = 0711EF172291C1B400F49858 /* FacultyDetailTableViewHeader.swift */; };
		07160CE7229716C700623284 /* ToolbarPickerView.swift in Sources */ = {isa = PBXBuildFile; fileRef = 07160CE6229716C700623284 /* ToolbarPickerView.swift */; };
		4B6B0147225C9960001BF0F1 /* ModelWD.swift in Sources */ = {isa = PBXBuildFile; fileRef = 4B6B0146225C9960001BF0F1 /* ModelWD.swift */; };
		4B6B0149225C9B70001BF0F1 /* WDViewModel.swift in Sources */ = {isa = PBXBuildFile; fileRef = 4B6B0148225C9B70001BF0F1 /* WDViewModel.swift */; };
		4B6B014E225CC9A1001BF0F1 /* Course.swift in Sources */ = {isa = PBXBuildFile; fileRef = 4B6B014D225CC9A1001BF0F1 /* Course.swift */; };
		4B6B0150225CCBC5001BF0F1 /* Grade.swift in Sources */ = {isa = PBXBuildFile; fileRef = 4B6B014F225CCBC5001BF0F1 /* Grade.swift */; };
		4B6B0152225CCD7C001BF0F1 /* Grades.swift in Sources */ = {isa = PBXBuildFile; fileRef = 4B6B0151225CCD7C001BF0F1 /* Grades.swift */; };
		4B6B0154225CCE2A001BF0F1 /* CourseType.swift in Sources */ = {isa = PBXBuildFile; fileRef = 4B6B0153225CCE2A001BF0F1 /* CourseType.swift */; };
		4B6B0157225CD289001BF0F1 /* TestWDImpl.swift in Sources */ = {isa = PBXBuildFile; fileRef = 4B6B0156225CD289001BF0F1 /* TestWDImpl.swift */; };
		4B87CCCD2264E0430028930A /* SkosViewModel.swift in Sources */ = {isa = PBXBuildFile; fileRef = 4B87CCCC2264E0430028930A /* SkosViewModel.swift */; };
		4B87CCCF2264E05F0028930A /* ModelSkos.swift in Sources */ = {isa = PBXBuildFile; fileRef = 4B87CCCE2264E05F0028930A /* ModelSkos.swift */; };
		4B87CCD32264E6B10028930A /* WDImplv2.swift in Sources */ = {isa = PBXBuildFile; fileRef = 4B87CCD22264E6B10028930A /* WDImplv2.swift */; };
		4B87CCD52264E8130028930A /* TestSkosImpl.swift in Sources */ = {isa = PBXBuildFile; fileRef = 4B87CCD42264E8130028930A /* TestSkosImpl.swift */; };
		4B87CCD72264E9170028930A /* Employee.swift in Sources */ = {isa = PBXBuildFile; fileRef = 4B87CCD62264E9170028930A /* Employee.swift */; };
		4BC1567422660AC600ED633C /* PersonalInfo.swift in Sources */ = {isa = PBXBuildFile; fileRef = 4BC1567322660AC600ED633C /* PersonalInfo.swift */; };
		4BC156782266102B00ED633C /* StudyProgress.swift in Sources */ = {isa = PBXBuildFile; fileRef = 4BC156772266102B00ED633C /* StudyProgress.swift */; };
		4BC1567B22661D4B00ED633C /* DayTimetable.swift in Sources */ = {isa = PBXBuildFile; fileRef = 4BC1567A22661D4B00ED633C /* DayTimetable.swift */; };
		4BC1567D22661EE700ED633C /* TimetableEntry.swift in Sources */ = {isa = PBXBuildFile; fileRef = 4BC1567C22661EE700ED633C /* TimetableEntry.swift */; };
		611F4B192250E0480056416E /* InformationsViewController.swift in Sources */ = {isa = PBXBuildFile; fileRef = 611F4AFF2250E0480056416E /* InformationsViewController.swift */; };
		611F4B1A2250E0480056416E /* UserViewController.swift in Sources */ = {isa = PBXBuildFile; fileRef = 611F4B052250E0480056416E /* UserViewController.swift */; };
		611F4B1B2250E0480056416E /* MapsViewController.swift in Sources */ = {isa = PBXBuildFile; fileRef = 611F4B0B2250E0480056416E /* MapsViewController.swift */; };
		611F4B1C2250E0480056416E /* StudiesViewController.swift in Sources */ = {isa = PBXBuildFile; fileRef = 611F4B112250E0480056416E /* StudiesViewController.swift */; };
		611F4B1D2250E0480056416E /* ForYouViewController.swift in Sources */ = {isa = PBXBuildFile; fileRef = 611F4B172250E0480056416E /* ForYouViewController.swift */; };
		611F4B1F225104240056416E /* ForYouView.swift in Sources */ = {isa = PBXBuildFile; fileRef = 611F4B1E225104240056416E /* ForYouView.swift */; };
		611F4B62225115DF0056416E /* Assets.xcassets in Resources */ = {isa = PBXBuildFile; fileRef = 611F4B61225115DF0056416E /* Assets.xcassets */; };
		611F4B6422511F3C0056416E /* HomeTabBar.swift in Sources */ = {isa = PBXBuildFile; fileRef = 611F4B6322511F3C0056416E /* HomeTabBar.swift */; };
		611F4B68225127F80056416E /* HomeTabBarItem.swift in Sources */ = {isa = PBXBuildFile; fileRef = 611F4B67225127F80056416E /* HomeTabBarItem.swift */; };
		6124131F22526752007D04C0 /* StudiesView.swift in Sources */ = {isa = PBXBuildFile; fileRef = 6124131E22526752007D04C0 /* StudiesView.swift */; };
		61241321225267A9007D04C0 /* MapsView.swift in Sources */ = {isa = PBXBuildFile; fileRef = 61241320225267A9007D04C0 /* MapsView.swift */; };
		61241323225267E3007D04C0 /* InformationsView.swift in Sources */ = {isa = PBXBuildFile; fileRef = 61241322225267E3007D04C0 /* InformationsView.swift */; };
		61241325225267FC007D04C0 /* UserView.swift in Sources */ = {isa = PBXBuildFile; fileRef = 61241324225267FC007D04C0 /* UserView.swift */; };
		613324B6228483C100C7C474 /* SectionTitle.swift in Sources */ = {isa = PBXBuildFile; fileRef = 613324B5228483C100C7C474 /* SectionTitle.swift */; };
		613324B8228486DD00C7C474 /* InformationContent.swift in Sources */ = {isa = PBXBuildFile; fileRef = 613324B7228486DD00C7C474 /* InformationContent.swift */; };
		6157791F2265F77E00C1BCDC /* AboutAsViewController.swift in Sources */ = {isa = PBXBuildFile; fileRef = 6157791E2265F77E00C1BCDC /* AboutAsViewController.swift */; };
		615779212265F7D400C1BCDC /* AboutAsView.swift in Sources */ = {isa = PBXBuildFile; fileRef = 615779202265F7D400C1BCDC /* AboutAsView.swift */; };
		615779292267089100C1BCDC /* DescriptionTextView.swift in Sources */ = {isa = PBXBuildFile; fileRef = 615779282267089100C1BCDC /* DescriptionTextView.swift */; };
		6198C8E1227898B6008D664F /* TeamGalleryCell.swift in Sources */ = {isa = PBXBuildFile; fileRef = 6198C8E0227898B6008D664F /* TeamGalleryCell.swift */; };
		6198C8E62279E8F2008D664F /* MemberProfileViewController.swift in Sources */ = {isa = PBXBuildFile; fileRef = 6198C8E52279E8F2008D664F /* MemberProfileViewController.swift */; };
		6198C8EA2279E947008D664F /* MemberProfileView.swift in Sources */ = {isa = PBXBuildFile; fileRef = 6198C8E92279E947008D664F /* MemberProfileView.swift */; };
		6198C8EC227A0C65008D664F /* MemberWebPagesCell.swift in Sources */ = {isa = PBXBuildFile; fileRef = 6198C8EB227A0C65008D664F /* MemberWebPagesCell.swift */; };
		6198C8F6227C25CA008D664F /* UserWDProfile.swift in Sources */ = {isa = PBXBuildFile; fileRef = 6198C8F5227C25CA008D664F /* UserWDProfile.swift */; };
		6198C8F8227C3BD7008D664F /* UserSettingsContent.swift in Sources */ = {isa = PBXBuildFile; fileRef = 6198C8F7227C3BD7008D664F /* UserSettingsContent.swift */; };
		6198C8FC227C3F9E008D664F /* AGHButton.swift in Sources */ = {isa = PBXBuildFile; fileRef = 6198C8FB227C3F9E008D664F /* AGHButton.swift */; };
		6198C8FE227C8215008D664F /* SeparatorView.swift in Sources */ = {isa = PBXBuildFile; fileRef = 6198C8FD227C8215008D664F /* SeparatorView.swift */; };
		6198C900227C89B0008D664F /* RowView.swift in Sources */ = {isa = PBXBuildFile; fileRef = 6198C8FF227C89B0008D664F /* RowView.swift */; };
		6198C9052280E6AB008D664F /* LoginPageViewController.swift in Sources */ = {isa = PBXBuildFile; fileRef = 6198C9042280E6AB008D664F /* LoginPageViewController.swift */; };
		6198C9072280E6C3008D664F /* LoginPageView.swift in Sources */ = {isa = PBXBuildFile; fileRef = 6198C9062280E6C3008D664F /* LoginPageView.swift */; };
		6198C9092280EC2E008D664F /* AGHTextField.swift in Sources */ = {isa = PBXBuildFile; fileRef = 6198C9082280EC2E008D664F /* AGHTextField.swift */; };
		61A42D8022869DE000761A0E /* TabBarPageTitleLabel.swift in Sources */ = {isa = PBXBuildFile; fileRef = 61A42D7F22869DE000761A0E /* TabBarPageTitleLabel.swift */; };
		61A743ED227743BB00DFCB35 /* Colors.swift in Sources */ = {isa = PBXBuildFile; fileRef = 61A743EC227743BB00DFCB35 /* Colors.swift */; };
		61AD7C75224BDCF7008340B3 /* AppDelegate.swift in Sources */ = {isa = PBXBuildFile; fileRef = 61AD7C74224BDCF7008340B3 /* AppDelegate.swift */; };
		61AD7C8A224BDCF8008340B3 /* AGH_MobileTests.swift in Sources */ = {isa = PBXBuildFile; fileRef = 61AD7C89224BDCF8008340B3 /* AGH_MobileTests.swift */; };
		61AD7C95224BDCF8008340B3 /* AGH_MobileUITests.swift in Sources */ = {isa = PBXBuildFile; fileRef = 61AD7C94224BDCF8008340B3 /* AGH_MobileUITests.swift */; };
		61ECE8A4224D315B00A9A806 /* HomeTabBarController.swift in Sources */ = {isa = PBXBuildFile; fileRef = 61ECE8A3224D315B00A9A806 /* HomeTabBarController.swift */; };
		76ED7A09ADF48FAF996EEFD2 /* Pods_AGH_MobileTests.framework in Frameworks */ = {isa = PBXBuildFile; fileRef = 554F55C7E663789FC597AA5F /* Pods_AGH_MobileTests.framework */; };
		8F3A8D473740ED8EC2AF437E /* Pods_AGH_MobileUITests.framework in Frameworks */ = {isa = PBXBuildFile; fileRef = 93331B44848AD393CED8E3B5 /* Pods_AGH_MobileUITests.framework */; };
		AA7425C01AFAEC2A6CE94699 /* Pods_AGH_Mobile.framework in Frameworks */ = {isa = PBXBuildFile; fileRef = 9454BF74EFD6E6A8CE744B70 /* Pods_AGH_Mobile.framework */; };
/* End PBXBuildFile section */

/* Begin PBXContainerItemProxy section */
		61AD7C86224BDCF8008340B3 /* PBXContainerItemProxy */ = {
			isa = PBXContainerItemProxy;
			containerPortal = 61AD7C69224BDCF7008340B3 /* Project object */;
			proxyType = 1;
			remoteGlobalIDString = 61AD7C70224BDCF7008340B3;
			remoteInfo = "AGH Mobile";
		};
		61AD7C91224BDCF8008340B3 /* PBXContainerItemProxy */ = {
			isa = PBXContainerItemProxy;
			containerPortal = 61AD7C69224BDCF7008340B3 /* Project object */;
			proxyType = 1;
			remoteGlobalIDString = 61AD7C70224BDCF7008340B3;
			remoteInfo = "AGH Mobile";
		};
/* End PBXContainerItemProxy section */

/* Begin PBXFileReference section */
		03112BCDD937195F7F665054 /* Pods-AGH Mobile.debug.xcconfig */ = {isa = PBXFileReference; includeInIndex = 1; lastKnownFileType = text.xcconfig; name = "Pods-AGH Mobile.debug.xcconfig"; path = "Pods/Target Support Files/Pods-AGH Mobile/Pods-AGH Mobile.debug.xcconfig"; sourceTree = "<group>"; };
		071074F22292F21A003B9279 /* SemesterSwitcherView.swift */ = {isa = PBXFileReference; lastKnownFileType = sourcecode.swift; path = SemesterSwitcherView.swift; sourceTree = "<group>"; };
		071074F422930259003B9279 /* StudyProgramTableViewCell.swift */ = {isa = PBXFileReference; lastKnownFileType = sourcecode.swift; path = StudyProgramTableViewCell.swift; sourceTree = "<group>"; };
		071074F6229302AA003B9279 /* StudyProgramTableViewHeader.swift */ = {isa = PBXFileReference; lastKnownFileType = sourcecode.swift; path = StudyProgramTableViewHeader.swift; sourceTree = "<group>"; };
		071074F8229310EA003B9279 /* Launch Screen.storyboard */ = {isa = PBXFileReference; lastKnownFileType = file.storyboard; path = "Launch Screen.storyboard"; sourceTree = "<group>"; };
		0711EF0522915B1600F49858 /* FacultiesViewController.swift */ = {isa = PBXFileReference; lastKnownFileType = sourcecode.swift; path = FacultiesViewController.swift; sourceTree = "<group>"; };
		0711EF0722915B3900F49858 /* FacultyDetailViewController.swift */ = {isa = PBXFileReference; lastKnownFileType = sourcecode.swift; path = FacultyDetailViewController.swift; sourceTree = "<group>"; };
		0711EF0922915E2200F49858 /* StudyProgramViewController.swift */ = {isa = PBXFileReference; lastKnownFileType = sourcecode.swift; path = StudyProgramViewController.swift; sourceTree = "<group>"; };
		0711EF0B22915E3900F49858 /* CourseDetailViewController.swift */ = {isa = PBXFileReference; lastKnownFileType = sourcecode.swift; path = CourseDetailViewController.swift; sourceTree = "<group>"; };
		0711EF102291618200F49858 /* FacultiesTableViewCell.swift */ = {isa = PBXFileReference; lastKnownFileType = sourcecode.swift; path = FacultiesTableViewCell.swift; sourceTree = "<group>"; };
		0711EF152291C15200F49858 /* FacultyDetailTableViewCell.swift */ = {isa = PBXFileReference; lastKnownFileType = sourcecode.swift; path = FacultyDetailTableViewCell.swift; sourceTree = "<group>"; };
		0711EF172291C1B400F49858 /* FacultyDetailTableViewHeader.swift */ = {isa = PBXFileReference; lastKnownFileType = sourcecode.swift; path = FacultyDetailTableViewHeader.swift; sourceTree = "<group>"; };
		07160CE6229716C700623284 /* ToolbarPickerView.swift */ = {isa = PBXFileReference; lastKnownFileType = sourcecode.swift; path = ToolbarPickerView.swift; sourceTree = "<group>"; };
		3A8133F53DCB3FBF2ECD7701 /* Pods-AGH Mobile.release.xcconfig */ = {isa = PBXFileReference; includeInIndex = 1; lastKnownFileType = text.xcconfig; name = "Pods-AGH Mobile.release.xcconfig"; path = "Pods/Target Support Files/Pods-AGH Mobile/Pods-AGH Mobile.release.xcconfig"; sourceTree = "<group>"; };
		4B6B0146225C9960001BF0F1 /* ModelWD.swift */ = {isa = PBXFileReference; lastKnownFileType = sourcecode.swift; path = ModelWD.swift; sourceTree = "<group>"; };
		4B6B0148225C9B70001BF0F1 /* WDViewModel.swift */ = {isa = PBXFileReference; lastKnownFileType = sourcecode.swift; path = WDViewModel.swift; sourceTree = "<group>"; };
		4B6B014D225CC9A1001BF0F1 /* Course.swift */ = {isa = PBXFileReference; lastKnownFileType = sourcecode.swift; path = Course.swift; sourceTree = "<group>"; };
		4B6B014F225CCBC5001BF0F1 /* Grade.swift */ = {isa = PBXFileReference; lastKnownFileType = sourcecode.swift; path = Grade.swift; sourceTree = "<group>"; };
		4B6B0151225CCD7C001BF0F1 /* Grades.swift */ = {isa = PBXFileReference; lastKnownFileType = sourcecode.swift; path = Grades.swift; sourceTree = "<group>"; };
		4B6B0153225CCE2A001BF0F1 /* CourseType.swift */ = {isa = PBXFileReference; lastKnownFileType = sourcecode.swift; path = CourseType.swift; sourceTree = "<group>"; };
		4B6B0156225CD289001BF0F1 /* TestWDImpl.swift */ = {isa = PBXFileReference; lastKnownFileType = sourcecode.swift; path = TestWDImpl.swift; sourceTree = "<group>"; };
		4B87CCCC2264E0430028930A /* SkosViewModel.swift */ = {isa = PBXFileReference; lastKnownFileType = sourcecode.swift; path = SkosViewModel.swift; sourceTree = "<group>"; };
		4B87CCCE2264E05F0028930A /* ModelSkos.swift */ = {isa = PBXFileReference; lastKnownFileType = sourcecode.swift; path = ModelSkos.swift; sourceTree = "<group>"; };
		4B87CCD22264E6B10028930A /* WDImplv2.swift */ = {isa = PBXFileReference; lastKnownFileType = sourcecode.swift; path = WDImplv2.swift; sourceTree = "<group>"; };
		4B87CCD42264E8130028930A /* TestSkosImpl.swift */ = {isa = PBXFileReference; lastKnownFileType = sourcecode.swift; path = TestSkosImpl.swift; sourceTree = "<group>"; };
		4B87CCD62264E9170028930A /* Employee.swift */ = {isa = PBXFileReference; lastKnownFileType = sourcecode.swift; path = Employee.swift; sourceTree = "<group>"; };
		4BC1567322660AC600ED633C /* PersonalInfo.swift */ = {isa = PBXFileReference; lastKnownFileType = sourcecode.swift; path = PersonalInfo.swift; sourceTree = "<group>"; };
		4BC156772266102B00ED633C /* StudyProgress.swift */ = {isa = PBXFileReference; lastKnownFileType = sourcecode.swift; path = StudyProgress.swift; sourceTree = "<group>"; };
		4BC1567A22661D4B00ED633C /* DayTimetable.swift */ = {isa = PBXFileReference; lastKnownFileType = sourcecode.swift; path = DayTimetable.swift; sourceTree = "<group>"; };
		4BC1567C22661EE700ED633C /* TimetableEntry.swift */ = {isa = PBXFileReference; lastKnownFileType = sourcecode.swift; path = TimetableEntry.swift; sourceTree = "<group>"; };
		554F55C7E663789FC597AA5F /* Pods_AGH_MobileTests.framework */ = {isa = PBXFileReference; explicitFileType = wrapper.framework; includeInIndex = 0; path = Pods_AGH_MobileTests.framework; sourceTree = BUILT_PRODUCTS_DIR; };
		57B0E798F6F514B98BE09314 /* Pods-AGH MobileUITests.release.xcconfig */ = {isa = PBXFileReference; includeInIndex = 1; lastKnownFileType = text.xcconfig; name = "Pods-AGH MobileUITests.release.xcconfig"; path = "Pods/Target Support Files/Pods-AGH MobileUITests/Pods-AGH MobileUITests.release.xcconfig"; sourceTree = "<group>"; };
		611F4AFF2250E0480056416E /* InformationsViewController.swift */ = {isa = PBXFileReference; fileEncoding = 4; lastKnownFileType = sourcecode.swift; path = InformationsViewController.swift; sourceTree = "<group>"; };
		611F4B052250E0480056416E /* UserViewController.swift */ = {isa = PBXFileReference; fileEncoding = 4; lastKnownFileType = sourcecode.swift; path = UserViewController.swift; sourceTree = "<group>"; };
		611F4B0B2250E0480056416E /* MapsViewController.swift */ = {isa = PBXFileReference; fileEncoding = 4; lastKnownFileType = sourcecode.swift; path = MapsViewController.swift; sourceTree = "<group>"; };
		611F4B112250E0480056416E /* StudiesViewController.swift */ = {isa = PBXFileReference; fileEncoding = 4; lastKnownFileType = sourcecode.swift; path = StudiesViewController.swift; sourceTree = "<group>"; };
		611F4B172250E0480056416E /* ForYouViewController.swift */ = {isa = PBXFileReference; fileEncoding = 4; lastKnownFileType = sourcecode.swift; path = ForYouViewController.swift; sourceTree = "<group>"; };
		611F4B1E225104240056416E /* ForYouView.swift */ = {isa = PBXFileReference; lastKnownFileType = sourcecode.swift; path = ForYouView.swift; sourceTree = "<group>"; };
		611F4B61225115DF0056416E /* Assets.xcassets */ = {isa = PBXFileReference; lastKnownFileType = folder.assetcatalog; path = Assets.xcassets; sourceTree = "<group>"; };
		611F4B6322511F3C0056416E /* HomeTabBar.swift */ = {isa = PBXFileReference; lastKnownFileType = sourcecode.swift; path = HomeTabBar.swift; sourceTree = "<group>"; };
		611F4B67225127F80056416E /* HomeTabBarItem.swift */ = {isa = PBXFileReference; lastKnownFileType = sourcecode.swift; path = HomeTabBarItem.swift; sourceTree = "<group>"; };
		6124131E22526752007D04C0 /* StudiesView.swift */ = {isa = PBXFileReference; lastKnownFileType = sourcecode.swift; path = StudiesView.swift; sourceTree = "<group>"; };
		61241320225267A9007D04C0 /* MapsView.swift */ = {isa = PBXFileReference; lastKnownFileType = sourcecode.swift; path = MapsView.swift; sourceTree = "<group>"; };
		61241322225267E3007D04C0 /* InformationsView.swift */ = {isa = PBXFileReference; lastKnownFileType = sourcecode.swift; path = InformationsView.swift; sourceTree = "<group>"; };
		61241324225267FC007D04C0 /* UserView.swift */ = {isa = PBXFileReference; lastKnownFileType = sourcecode.swift; path = UserView.swift; sourceTree = "<group>"; };
		613324B5228483C100C7C474 /* SectionTitle.swift */ = {isa = PBXFileReference; lastKnownFileType = sourcecode.swift; path = SectionTitle.swift; sourceTree = "<group>"; };
		613324B7228486DD00C7C474 /* InformationContent.swift */ = {isa = PBXFileReference; lastKnownFileType = sourcecode.swift; path = InformationContent.swift; sourceTree = "<group>"; };
		6157791E2265F77E00C1BCDC /* AboutAsViewController.swift */ = {isa = PBXFileReference; lastKnownFileType = sourcecode.swift; path = AboutAsViewController.swift; sourceTree = "<group>"; };
		615779202265F7D400C1BCDC /* AboutAsView.swift */ = {isa = PBXFileReference; lastKnownFileType = sourcecode.swift; path = AboutAsView.swift; sourceTree = "<group>"; };
		615779282267089100C1BCDC /* DescriptionTextView.swift */ = {isa = PBXFileReference; lastKnownFileType = sourcecode.swift; path = DescriptionTextView.swift; sourceTree = "<group>"; };
		6198C8E0227898B6008D664F /* TeamGalleryCell.swift */ = {isa = PBXFileReference; lastKnownFileType = sourcecode.swift; path = TeamGalleryCell.swift; sourceTree = "<group>"; };
		6198C8E52279E8F2008D664F /* MemberProfileViewController.swift */ = {isa = PBXFileReference; lastKnownFileType = sourcecode.swift; path = MemberProfileViewController.swift; sourceTree = "<group>"; };
		6198C8E92279E947008D664F /* MemberProfileView.swift */ = {isa = PBXFileReference; lastKnownFileType = sourcecode.swift; path = MemberProfileView.swift; sourceTree = "<group>"; };
		6198C8EB227A0C65008D664F /* MemberWebPagesCell.swift */ = {isa = PBXFileReference; lastKnownFileType = sourcecode.swift; path = MemberWebPagesCell.swift; sourceTree = "<group>"; };
		6198C8F5227C25CA008D664F /* UserWDProfile.swift */ = {isa = PBXFileReference; lastKnownFileType = sourcecode.swift; path = UserWDProfile.swift; sourceTree = "<group>"; };
		6198C8F7227C3BD7008D664F /* UserSettingsContent.swift */ = {isa = PBXFileReference; lastKnownFileType = sourcecode.swift; path = UserSettingsContent.swift; sourceTree = "<group>"; };
		6198C8FB227C3F9E008D664F /* AGHButton.swift */ = {isa = PBXFileReference; lastKnownFileType = sourcecode.swift; path = AGHButton.swift; sourceTree = "<group>"; };
		6198C8FD227C8215008D664F /* SeparatorView.swift */ = {isa = PBXFileReference; lastKnownFileType = sourcecode.swift; path = SeparatorView.swift; sourceTree = "<group>"; };
		6198C8FF227C89B0008D664F /* RowView.swift */ = {isa = PBXFileReference; lastKnownFileType = sourcecode.swift; path = RowView.swift; sourceTree = "<group>"; };
		6198C9042280E6AB008D664F /* LoginPageViewController.swift */ = {isa = PBXFileReference; lastKnownFileType = sourcecode.swift; path = LoginPageViewController.swift; sourceTree = "<group>"; };
		6198C9062280E6C3008D664F /* LoginPageView.swift */ = {isa = PBXFileReference; lastKnownFileType = sourcecode.swift; path = LoginPageView.swift; sourceTree = "<group>"; };
		6198C9082280EC2E008D664F /* AGHTextField.swift */ = {isa = PBXFileReference; lastKnownFileType = sourcecode.swift; path = AGHTextField.swift; sourceTree = "<group>"; };
		61A42D7F22869DE000761A0E /* TabBarPageTitleLabel.swift */ = {isa = PBXFileReference; lastKnownFileType = sourcecode.swift; path = TabBarPageTitleLabel.swift; sourceTree = "<group>"; };
		61A743EC227743BB00DFCB35 /* Colors.swift */ = {isa = PBXFileReference; lastKnownFileType = sourcecode.swift; path = Colors.swift; sourceTree = "<group>"; };
		61AD7C71224BDCF7008340B3 /* AGH Mobile.app */ = {isa = PBXFileReference; explicitFileType = wrapper.application; includeInIndex = 0; path = "AGH Mobile.app"; sourceTree = BUILT_PRODUCTS_DIR; };
		61AD7C74224BDCF7008340B3 /* AppDelegate.swift */ = {isa = PBXFileReference; lastKnownFileType = sourcecode.swift; path = AppDelegate.swift; sourceTree = "<group>"; };
		61AD7C80224BDCF7008340B3 /* Info.plist */ = {isa = PBXFileReference; lastKnownFileType = text.plist.xml; path = Info.plist; sourceTree = "<group>"; };
		61AD7C85224BDCF8008340B3 /* AGH MobileTests.xctest */ = {isa = PBXFileReference; explicitFileType = wrapper.cfbundle; includeInIndex = 0; path = "AGH MobileTests.xctest"; sourceTree = BUILT_PRODUCTS_DIR; };
		61AD7C89224BDCF8008340B3 /* AGH_MobileTests.swift */ = {isa = PBXFileReference; lastKnownFileType = sourcecode.swift; path = AGH_MobileTests.swift; sourceTree = "<group>"; };
		61AD7C8B224BDCF8008340B3 /* Info.plist */ = {isa = PBXFileReference; lastKnownFileType = text.plist.xml; path = Info.plist; sourceTree = "<group>"; };
		61AD7C90224BDCF8008340B3 /* AGH MobileUITests.xctest */ = {isa = PBXFileReference; explicitFileType = wrapper.cfbundle; includeInIndex = 0; path = "AGH MobileUITests.xctest"; sourceTree = BUILT_PRODUCTS_DIR; };
		61AD7C94224BDCF8008340B3 /* AGH_MobileUITests.swift */ = {isa = PBXFileReference; lastKnownFileType = sourcecode.swift; path = AGH_MobileUITests.swift; sourceTree = "<group>"; };
		61AD7C96224BDCF8008340B3 /* Info.plist */ = {isa = PBXFileReference; lastKnownFileType = text.plist.xml; path = Info.plist; sourceTree = "<group>"; };
		61ECE8A3224D315B00A9A806 /* HomeTabBarController.swift */ = {isa = PBXFileReference; lastKnownFileType = sourcecode.swift; path = HomeTabBarController.swift; sourceTree = "<group>"; };
		77F59FBE253B8BA7BCED5272 /* Pods-AGH MobileUITests.debug.xcconfig */ = {isa = PBXFileReference; includeInIndex = 1; lastKnownFileType = text.xcconfig; name = "Pods-AGH MobileUITests.debug.xcconfig"; path = "Pods/Target Support Files/Pods-AGH MobileUITests/Pods-AGH MobileUITests.debug.xcconfig"; sourceTree = "<group>"; };
		93331B44848AD393CED8E3B5 /* Pods_AGH_MobileUITests.framework */ = {isa = PBXFileReference; explicitFileType = wrapper.framework; includeInIndex = 0; path = Pods_AGH_MobileUITests.framework; sourceTree = BUILT_PRODUCTS_DIR; };
		9454BF74EFD6E6A8CE744B70 /* Pods_AGH_Mobile.framework */ = {isa = PBXFileReference; explicitFileType = wrapper.framework; includeInIndex = 0; path = Pods_AGH_Mobile.framework; sourceTree = BUILT_PRODUCTS_DIR; };
		9DAF2A659C668A915AD4D8CA /* Pods-AGH MobileTests.release.xcconfig */ = {isa = PBXFileReference; includeInIndex = 1; lastKnownFileType = text.xcconfig; name = "Pods-AGH MobileTests.release.xcconfig"; path = "Pods/Target Support Files/Pods-AGH MobileTests/Pods-AGH MobileTests.release.xcconfig"; sourceTree = "<group>"; };
		D055B5334B7E17670374A273 /* Pods-AGH MobileTests.debug.xcconfig */ = {isa = PBXFileReference; includeInIndex = 1; lastKnownFileType = text.xcconfig; name = "Pods-AGH MobileTests.debug.xcconfig"; path = "Pods/Target Support Files/Pods-AGH MobileTests/Pods-AGH MobileTests.debug.xcconfig"; sourceTree = "<group>"; };
/* End PBXFileReference section */

/* Begin PBXFrameworksBuildPhase section */
		61AD7C6E224BDCF7008340B3 /* Frameworks */ = {
			isa = PBXFrameworksBuildPhase;
			buildActionMask = 2147483647;
			files = (
				AA7425C01AFAEC2A6CE94699 /* Pods_AGH_Mobile.framework in Frameworks */,
			);
			runOnlyForDeploymentPostprocessing = 0;
		};
		61AD7C82224BDCF8008340B3 /* Frameworks */ = {
			isa = PBXFrameworksBuildPhase;
			buildActionMask = 2147483647;
			files = (
				76ED7A09ADF48FAF996EEFD2 /* Pods_AGH_MobileTests.framework in Frameworks */,
			);
			runOnlyForDeploymentPostprocessing = 0;
		};
		61AD7C8D224BDCF8008340B3 /* Frameworks */ = {
			isa = PBXFrameworksBuildPhase;
			buildActionMask = 2147483647;
			files = (
				8F3A8D473740ED8EC2AF437E /* Pods_AGH_MobileUITests.framework in Frameworks */,
			);
			runOnlyForDeploymentPostprocessing = 0;
		};
/* End PBXFrameworksBuildPhase section */

/* Begin PBXGroup section */
		00254FAC30A9861E5494FE43 /* Frameworks */ = {
			isa = PBXGroup;
			children = (
				9454BF74EFD6E6A8CE744B70 /* Pods_AGH_Mobile.framework */,
				554F55C7E663789FC597AA5F /* Pods_AGH_MobileTests.framework */,
				93331B44848AD393CED8E3B5 /* Pods_AGH_MobileUITests.framework */,
			);
			name = Frameworks;
			sourceTree = "<group>";
		};
		071074F12292F1C7003B9279 /* FacultyDetailViewController */ = {
			isa = PBXGroup;
			children = (
				0711EF152291C15200F49858 /* FacultyDetailTableViewCell.swift */,
				0711EF172291C1B400F49858 /* FacultyDetailTableViewHeader.swift */,
			);
			path = FacultyDetailViewController;
			sourceTree = "<group>";
		};
		0711EF0222915A2400F49858 /* Syllabus */ = {
			isa = PBXGroup;
			children = (
				0711EF0322915A4900F49858 /* Controllers */,
				0711EF0422915A5B00F49858 /* Views */,
				071074F8229310EA003B9279 /* Launch Screen.storyboard */,
			);
			path = Syllabus;
			sourceTree = "<group>";
		};
		0711EF0322915A4900F49858 /* Controllers */ = {
			isa = PBXGroup;
			children = (
				0711EF0522915B1600F49858 /* FacultiesViewController.swift */,
				0711EF0722915B3900F49858 /* FacultyDetailViewController.swift */,
				0711EF0922915E2200F49858 /* StudyProgramViewController.swift */,
				0711EF0B22915E3900F49858 /* CourseDetailViewController.swift */,
			);
			path = Controllers;
			sourceTree = "<group>";
		};
		0711EF0422915A5B00F49858 /* Views */ = {
			isa = PBXGroup;
			children = (
				0711EF122291C10900F49858 /* FacultiesViewController */,
				071074F12292F1C7003B9279 /* FacultyDetailViewController */,
				07160CE32297018100623284 /* StudyProgramViewController */,
				07160CE6229716C700623284 /* ToolbarPickerView.swift */,
			);
			path = Views;
			sourceTree = "<group>";
		};
		0711EF122291C10900F49858 /* FacultiesViewController */ = {
			isa = PBXGroup;
			children = (
				0711EF102291618200F49858 /* FacultiesTableViewCell.swift */,
			);
			path = FacultiesViewController;
			sourceTree = "<group>";
		};
		07160CE32297018100623284 /* StudyProgramViewController */ = {
			isa = PBXGroup;
			children = (
				071074F22292F21A003B9279 /* SemesterSwitcherView.swift */,
				071074F422930259003B9279 /* StudyProgramTableViewCell.swift */,
				071074F6229302AA003B9279 /* StudyProgramTableViewHeader.swift */,
			);
			path = StudyProgramViewController;
			sourceTree = "<group>";
		};
		4B6B0143225C98B6001BF0F1 /* View */ = {
			isa = PBXGroup;
			children = (
				6198C9012280E652008D664F /* Login Page */,
				6198C8E42279E8C6008D664F /* Member Profile */,
				6157791B2265F75200C1BCDC /* About As */,
				611F4B012250E0480056416E /* User */,
				611F4AFB2250E0480056416E /* Informations */,
				611F4B072250E0480056416E /* Maps */,
				611F4B0D2250E0480056416E /* Studies */,
				611F4B132250E0480056416E /* For You */,
				0711EF0222915A2400F49858 /* Syllabus */,
			);
			path = View;
			sourceTree = "<group>";
		};
		4B6B0144225C98FC001BF0F1 /* WD */ = {
			isa = PBXGroup;
			children = (
				4BC156702266094700ED633C /* Structures */,
				4B6B0155225CD27A001BF0F1 /* TestModelWD */,
				4B6B0145225C991D001BF0F1 /* v2 */,
			);
			path = WD;
			sourceTree = "<group>";
		};
		4B6B0145225C991D001BF0F1 /* v2 */ = {
			isa = PBXGroup;
			children = (
				4B87CCD22264E6B10028930A /* WDImplv2.swift */,
			);
			path = v2;
			sourceTree = "<group>";
		};
		4B6B0155225CD27A001BF0F1 /* TestModelWD */ = {
			isa = PBXGroup;
			children = (
				4B6B0156225CD289001BF0F1 /* TestWDImpl.swift */,
			);
			path = TestModelWD;
			sourceTree = "<group>";
		};
		4B87CCCB2264E0340028930A /* Skos */ = {
			isa = PBXGroup;
			children = (
				4B87CCD12264E6260028930A /* TestModel */,
				4B87CCD02264E5FD0028930A /* v2 */,
				4B87CCD62264E9170028930A /* Employee.swift */,
			);
			path = Skos;
			sourceTree = "<group>";
		};
		4B87CCD02264E5FD0028930A /* v2 */ = {
			isa = PBXGroup;
			children = (
			);
			path = v2;
			sourceTree = "<group>";
		};
		4B87CCD12264E6260028930A /* TestModel */ = {
			isa = PBXGroup;
			children = (
				4B87CCD42264E8130028930A /* TestSkosImpl.swift */,
			);
			path = TestModel;
			sourceTree = "<group>";
		};
		4B87CCD82264EFC10028930A /* Model */ = {
			isa = PBXGroup;
			children = (
				4B87CCDA2264F3770028930A /* Protocols */,
				4B6B0144225C98FC001BF0F1 /* WD */,
				4B87CCCB2264E0340028930A /* Skos */,
			);
			path = Model;
			sourceTree = "<group>";
		};
		4B87CCD92264F00A0028930A /* ViewModel */ = {
			isa = PBXGroup;
			children = (
				4B6B0148225C9B70001BF0F1 /* WDViewModel.swift */,
				4B87CCCC2264E0430028930A /* SkosViewModel.swift */,
			);
			path = ViewModel;
			sourceTree = "<group>";
		};
		4B87CCDA2264F3770028930A /* Protocols */ = {
			isa = PBXGroup;
			children = (
				4B87CCCE2264E05F0028930A /* ModelSkos.swift */,
				4B6B0146225C9960001BF0F1 /* ModelWD.swift */,
			);
			path = Protocols;
			sourceTree = "<group>";
		};
		4BC156702266094700ED633C /* Structures */ = {
			isa = PBXGroup;
			children = (
				4BC1567922661B4500ED633C /* Schedule */,
				4BC156722266099300ED633C /* PersonalInfo */,
				4BC156712266097600ED633C /* Grades */,
			);
			path = Structures;
			sourceTree = "<group>";
		};
		4BC156712266097600ED633C /* Grades */ = {
			isa = PBXGroup;
			children = (
				4B6B0151225CCD7C001BF0F1 /* Grades.swift */,
				4B6B014F225CCBC5001BF0F1 /* Grade.swift */,
				4B6B014D225CC9A1001BF0F1 /* Course.swift */,
				4B6B0153225CCE2A001BF0F1 /* CourseType.swift */,
			);
			path = Grades;
			sourceTree = "<group>";
		};
		4BC156722266099300ED633C /* PersonalInfo */ = {
			isa = PBXGroup;
			children = (
				4BC1567322660AC600ED633C /* PersonalInfo.swift */,
				4BC156772266102B00ED633C /* StudyProgress.swift */,
			);
			path = PersonalInfo;
			sourceTree = "<group>";
		};
		4BC1567922661B4500ED633C /* Schedule */ = {
			isa = PBXGroup;
			children = (
				4BC1567A22661D4B00ED633C /* DayTimetable.swift */,
				4BC1567C22661EE700ED633C /* TimetableEntry.swift */,
			);
			path = Schedule;
			sourceTree = "<group>";
		};
		611F4AE62250D9A80056416E /* Application */ = {
			isa = PBXGroup;
			children = (
				61ECE897224D1F2300A9A806 /* AppDelegate */,
				611F4AE72250D9CD0056416E /* Controllers */,
				611F4AEB2250DA5E0056416E /* Views */,
			);
			path = Application;
			sourceTree = "<group>";
		};
		611F4AE72250D9CD0056416E /* Controllers */ = {
			isa = PBXGroup;
			children = (
				61ECE8A3224D315B00A9A806 /* HomeTabBarController.swift */,
			);
			path = Controllers;
			sourceTree = "<group>";
		};
		611F4AE92250D9FC0056416E /* Supporting Files */ = {
			isa = PBXGroup;
			children = (
				61AD7C80224BDCF7008340B3 /* Info.plist */,
			);
			path = "Supporting Files";
			sourceTree = "<group>";
		};
		611F4AEB2250DA5E0056416E /* Views */ = {
			isa = PBXGroup;
			children = (
				611F4B6322511F3C0056416E /* HomeTabBar.swift */,
				611F4B67225127F80056416E /* HomeTabBarItem.swift */,
			);
			path = Views;
			sourceTree = "<group>";
		};
		611F4AFB2250E0480056416E /* Informations */ = {
			isa = PBXGroup;
			children = (
				611F4AFE2250E0480056416E /* Controllers */,
				611F4B002250E0480056416E /* Views */,
			);
			path = Informations;
			sourceTree = "<group>";
		};
		611F4AFE2250E0480056416E /* Controllers */ = {
			isa = PBXGroup;
			children = (
				611F4AFF2250E0480056416E /* InformationsViewController.swift */,
			);
			path = Controllers;
			sourceTree = "<group>";
		};
		611F4B002250E0480056416E /* Views */ = {
			isa = PBXGroup;
			children = (
				61241322225267E3007D04C0 /* InformationsView.swift */,
				613324B7228486DD00C7C474 /* InformationContent.swift */,
			);
			path = Views;
			sourceTree = "<group>";
		};
		611F4B012250E0480056416E /* User */ = {
			isa = PBXGroup;
			children = (
				611F4B042250E0480056416E /* Controllers */,
				611F4B062250E0480056416E /* Views */,
			);
			path = User;
			sourceTree = "<group>";
		};
		611F4B042250E0480056416E /* Controllers */ = {
			isa = PBXGroup;
			children = (
				611F4B052250E0480056416E /* UserViewController.swift */,
			);
			path = Controllers;
			sourceTree = "<group>";
		};
		611F4B062250E0480056416E /* Views */ = {
			isa = PBXGroup;
			children = (
				61241324225267FC007D04C0 /* UserView.swift */,
				6198C8F5227C25CA008D664F /* UserWDProfile.swift */,
				6198C8F7227C3BD7008D664F /* UserSettingsContent.swift */,
			);
			path = Views;
			sourceTree = "<group>";
		};
		611F4B072250E0480056416E /* Maps */ = {
			isa = PBXGroup;
			children = (
				611F4B0A2250E0480056416E /* Controllers */,
				611F4B0C2250E0480056416E /* Views */,
			);
			path = Maps;
			sourceTree = "<group>";
		};
		611F4B0A2250E0480056416E /* Controllers */ = {
			isa = PBXGroup;
			children = (
				611F4B0B2250E0480056416E /* MapsViewController.swift */,
			);
			path = Controllers;
			sourceTree = "<group>";
		};
		611F4B0C2250E0480056416E /* Views */ = {
			isa = PBXGroup;
			children = (
				61241320225267A9007D04C0 /* MapsView.swift */,
			);
			path = Views;
			sourceTree = "<group>";
		};
		611F4B0D2250E0480056416E /* Studies */ = {
			isa = PBXGroup;
			children = (
				611F4B102250E0480056416E /* Controllers */,
				611F4B122250E0480056416E /* Views */,
			);
			path = Studies;
			sourceTree = "<group>";
		};
		611F4B102250E0480056416E /* Controllers */ = {
			isa = PBXGroup;
			children = (
				611F4B112250E0480056416E /* StudiesViewController.swift */,
			);
			path = Controllers;
			sourceTree = "<group>";
		};
		611F4B122250E0480056416E /* Views */ = {
			isa = PBXGroup;
			children = (
				6124131E22526752007D04C0 /* StudiesView.swift */,
			);
			path = Views;
			sourceTree = "<group>";
		};
		611F4B132250E0480056416E /* For You */ = {
			isa = PBXGroup;
			children = (
				611F4B162250E0480056416E /* Controllers */,
				611F4B182250E0480056416E /* Views */,
			);
			path = "For You";
			sourceTree = "<group>";
		};
		611F4B162250E0480056416E /* Controllers */ = {
			isa = PBXGroup;
			children = (
				611F4B172250E0480056416E /* ForYouViewController.swift */,
			);
			path = Controllers;
			sourceTree = "<group>";
		};
		611F4B182250E0480056416E /* Views */ = {
			isa = PBXGroup;
			children = (
				611F4B1E225104240056416E /* ForYouView.swift */,
			);
			path = Views;
			sourceTree = "<group>";
		};
		6157791B2265F75200C1BCDC /* About As */ = {
			isa = PBXGroup;
			children = (
				6157791D2265F76500C1BCDC /* Controllers */,
				6157791C2265F75B00C1BCDC /* Views */,
			);
			path = "About As";
			sourceTree = "<group>";
		};
		6157791C2265F75B00C1BCDC /* Views */ = {
			isa = PBXGroup;
			children = (
				615779202265F7D400C1BCDC /* AboutAsView.swift */,
				6198C8E0227898B6008D664F /* TeamGalleryCell.swift */,
			);
			path = Views;
			sourceTree = "<group>";
		};
		6157791D2265F76500C1BCDC /* Controllers */ = {
			isa = PBXGroup;
			children = (
				6157791E2265F77E00C1BCDC /* AboutAsViewController.swift */,
			);
			path = Controllers;
			sourceTree = "<group>";
		};
		6198C8E42279E8C6008D664F /* Member Profile */ = {
			isa = PBXGroup;
			children = (
				6198C8E82279E92D008D664F /* Controllers */,
				6198C8E72279E926008D664F /* Views */,
			);
			path = "Member Profile";
			sourceTree = "<group>";
		};
		6198C8E72279E926008D664F /* Views */ = {
			isa = PBXGroup;
			children = (
				6198C8E92279E947008D664F /* MemberProfileView.swift */,
				6198C8EB227A0C65008D664F /* MemberWebPagesCell.swift */,
			);
			path = Views;
			sourceTree = "<group>";
		};
		6198C8E82279E92D008D664F /* Controllers */ = {
			isa = PBXGroup;
			children = (
				6198C8E52279E8F2008D664F /* MemberProfileViewController.swift */,
			);
			path = Controllers;
			sourceTree = "<group>";
		};
		6198C8F2227C2275008D664F /* Views */ = {
			isa = PBXGroup;
			children = (
				6198C8FB227C3F9E008D664F /* AGHButton.swift */,
				6198C9082280EC2E008D664F /* AGHTextField.swift */,
				615779282267089100C1BCDC /* DescriptionTextView.swift */,
				6198C8FF227C89B0008D664F /* RowView.swift */,
				6198C8FD227C8215008D664F /* SeparatorView.swift */,
				613324B5228483C100C7C474 /* SectionTitle.swift */,
				61A42D7F22869DE000761A0E /* TabBarPageTitleLabel.swift */,
			);
			path = Views;
			sourceTree = "<group>";
		};
		6198C9012280E652008D664F /* Login Page */ = {
			isa = PBXGroup;
			children = (
				6198C9032280E686008D664F /* Controllers */,
				6198C9022280E67E008D664F /* Views */,
			);
			path = "Login Page";
			sourceTree = "<group>";
		};
		6198C9022280E67E008D664F /* Views */ = {
			isa = PBXGroup;
			children = (
				6198C9062280E6C3008D664F /* LoginPageView.swift */,
			);
			path = Views;
			sourceTree = "<group>";
		};
		6198C9032280E686008D664F /* Controllers */ = {
			isa = PBXGroup;
			children = (
				6198C9042280E6AB008D664F /* LoginPageViewController.swift */,
			);
			path = Controllers;
			sourceTree = "<group>";
		};
		61A743EB2277439900DFCB35 /* Extension */ = {
			isa = PBXGroup;
			children = (
				6198C8F2227C2275008D664F /* Views */,
				61A743EC227743BB00DFCB35 /* Colors.swift */,
			);
			path = Extension;
			sourceTree = "<group>";
		};
		61AD7C68224BDCF7008340B3 = {
			isa = PBXGroup;
			children = (
				61AD7C73224BDCF7008340B3 /* AGH Mobile */,
				61AD7C88224BDCF8008340B3 /* AGH MobileTests */,
				61AD7C93224BDCF8008340B3 /* AGH MobileUITests */,
				00254FAC30A9861E5494FE43 /* Frameworks */,
				C08FECE8D4AF6BDCAEAA9087 /* Pods */,
				61AD7C72224BDCF7008340B3 /* Products */,
			);
			sourceTree = "<group>";
		};
		61AD7C72224BDCF7008340B3 /* Products */ = {
			isa = PBXGroup;
			children = (
				61AD7C71224BDCF7008340B3 /* AGH Mobile.app */,
				61AD7C85224BDCF8008340B3 /* AGH MobileTests.xctest */,
				61AD7C90224BDCF8008340B3 /* AGH MobileUITests.xctest */,
			);
			name = Products;
			sourceTree = "<group>";
		};
		61AD7C73224BDCF7008340B3 /* AGH Mobile */ = {
			isa = PBXGroup;
			children = (
				611F4AE62250D9A80056416E /* Application */,
				4B87CCD82264EFC10028930A /* Model */,
				4B6B0143225C98B6001BF0F1 /* View */,
				4B87CCD92264F00A0028930A /* ViewModel */,
				61ECE89A224D1F7B00A9A806 /* Resources */,
				61A743EB2277439900DFCB35 /* Extension */,
				611F4AE92250D9FC0056416E /* Supporting Files */,
			);
			path = "AGH Mobile";
			sourceTree = "<group>";
		};
		61AD7C88224BDCF8008340B3 /* AGH MobileTests */ = {
			isa = PBXGroup;
			children = (
				61AD7C89224BDCF8008340B3 /* AGH_MobileTests.swift */,
				61AD7C8B224BDCF8008340B3 /* Info.plist */,
			);
			path = "AGH MobileTests";
			sourceTree = "<group>";
		};
		61AD7C93224BDCF8008340B3 /* AGH MobileUITests */ = {
			isa = PBXGroup;
			children = (
				61AD7C94224BDCF8008340B3 /* AGH_MobileUITests.swift */,
				61AD7C96224BDCF8008340B3 /* Info.plist */,
			);
			path = "AGH MobileUITests";
			sourceTree = "<group>";
		};
		61ECE897224D1F2300A9A806 /* AppDelegate */ = {
			isa = PBXGroup;
			children = (
				61AD7C74224BDCF7008340B3 /* AppDelegate.swift */,
			);
			path = AppDelegate;
			sourceTree = "<group>";
		};
		61ECE89A224D1F7B00A9A806 /* Resources */ = {
			isa = PBXGroup;
			children = (
				611F4B61225115DF0056416E /* Assets.xcassets */,
			);
			path = Resources;
			sourceTree = "<group>";
		};
		C08FECE8D4AF6BDCAEAA9087 /* Pods */ = {
			isa = PBXGroup;
			children = (
				03112BCDD937195F7F665054 /* Pods-AGH Mobile.debug.xcconfig */,
				3A8133F53DCB3FBF2ECD7701 /* Pods-AGH Mobile.release.xcconfig */,
				D055B5334B7E17670374A273 /* Pods-AGH MobileTests.debug.xcconfig */,
				9DAF2A659C668A915AD4D8CA /* Pods-AGH MobileTests.release.xcconfig */,
				77F59FBE253B8BA7BCED5272 /* Pods-AGH MobileUITests.debug.xcconfig */,
				57B0E798F6F514B98BE09314 /* Pods-AGH MobileUITests.release.xcconfig */,
			);
			name = Pods;
			sourceTree = "<group>";
		};
/* End PBXGroup section */

/* Begin PBXNativeTarget section */
		61AD7C70224BDCF7008340B3 /* AGH Mobile */ = {
			isa = PBXNativeTarget;
			buildConfigurationList = 61AD7C99224BDCF8008340B3 /* Build configuration list for PBXNativeTarget "AGH Mobile" */;
			buildPhases = (
				DC28EA5BC9F2FD32587539BC /* [CP] Check Pods Manifest.lock */,
				61AD7C6D224BDCF7008340B3 /* Sources */,
				61AD7C6E224BDCF7008340B3 /* Frameworks */,
				61AD7C6F224BDCF7008340B3 /* Resources */,
				AC28DA5F9FF3139AB327955D /* [CP] Embed Pods Frameworks */,
			);
			buildRules = (
			);
			dependencies = (
			);
			name = "AGH Mobile";
			productName = "AGH Mobile";
			productReference = 61AD7C71224BDCF7008340B3 /* AGH Mobile.app */;
			productType = "com.apple.product-type.application";
		};
		61AD7C84224BDCF8008340B3 /* AGH MobileTests */ = {
			isa = PBXNativeTarget;
			buildConfigurationList = 61AD7C9C224BDCF8008340B3 /* Build configuration list for PBXNativeTarget "AGH MobileTests" */;
			buildPhases = (
				67D65DF53C0A8938739E86E9 /* [CP] Check Pods Manifest.lock */,
				61AD7C81224BDCF8008340B3 /* Sources */,
				61AD7C82224BDCF8008340B3 /* Frameworks */,
				61AD7C83224BDCF8008340B3 /* Resources */,
			);
			buildRules = (
			);
			dependencies = (
				61AD7C87224BDCF8008340B3 /* PBXTargetDependency */,
			);
			name = "AGH MobileTests";
			productName = "AGH MobileTests";
			productReference = 61AD7C85224BDCF8008340B3 /* AGH MobileTests.xctest */;
			productType = "com.apple.product-type.bundle.unit-test";
		};
		61AD7C8F224BDCF8008340B3 /* AGH MobileUITests */ = {
			isa = PBXNativeTarget;
			buildConfigurationList = 61AD7C9F224BDCF8008340B3 /* Build configuration list for PBXNativeTarget "AGH MobileUITests" */;
			buildPhases = (
				6907BFCA2CD6A4A9B40DB9E2 /* [CP] Check Pods Manifest.lock */,
				61AD7C8C224BDCF8008340B3 /* Sources */,
				61AD7C8D224BDCF8008340B3 /* Frameworks */,
				61AD7C8E224BDCF8008340B3 /* Resources */,
			);
			buildRules = (
			);
			dependencies = (
				61AD7C92224BDCF8008340B3 /* PBXTargetDependency */,
			);
			name = "AGH MobileUITests";
			productName = "AGH MobileUITests";
			productReference = 61AD7C90224BDCF8008340B3 /* AGH MobileUITests.xctest */;
			productType = "com.apple.product-type.bundle.ui-testing";
		};
/* End PBXNativeTarget section */

/* Begin PBXProject section */
		61AD7C69224BDCF7008340B3 /* Project object */ = {
			isa = PBXProject;
			attributes = {
				LastSwiftUpdateCheck = 1020;
				LastUpgradeCheck = 1020;
				ORGANIZATIONNAME = "AGH University of Science and Technology";
				TargetAttributes = {
					61AD7C70224BDCF7008340B3 = {
						CreatedOnToolsVersion = 10.2;
					};
					61AD7C84224BDCF8008340B3 = {
						CreatedOnToolsVersion = 10.2;
						TestTargetID = 61AD7C70224BDCF7008340B3;
					};
					61AD7C8F224BDCF8008340B3 = {
						CreatedOnToolsVersion = 10.2;
						TestTargetID = 61AD7C70224BDCF7008340B3;
					};
				};
			};
			buildConfigurationList = 61AD7C6C224BDCF7008340B3 /* Build configuration list for PBXProject "AGH Mobile" */;
			compatibilityVersion = "Xcode 9.3";
			developmentRegion = en;
			hasScannedForEncodings = 0;
			knownRegions = (
				en,
				Base,
			);
			mainGroup = 61AD7C68224BDCF7008340B3;
			productRefGroup = 61AD7C72224BDCF7008340B3 /* Products */;
			projectDirPath = "";
			projectRoot = "";
			targets = (
				61AD7C70224BDCF7008340B3 /* AGH Mobile */,
				61AD7C84224BDCF8008340B3 /* AGH MobileTests */,
				61AD7C8F224BDCF8008340B3 /* AGH MobileUITests */,
			);
		};
/* End PBXProject section */

/* Begin PBXResourcesBuildPhase section */
		61AD7C6F224BDCF7008340B3 /* Resources */ = {
			isa = PBXResourcesBuildPhase;
			buildActionMask = 2147483647;
			files = (
				071074F9229310EA003B9279 /* Launch Screen.storyboard in Resources */,
				611F4B62225115DF0056416E /* Assets.xcassets in Resources */,
			);
			runOnlyForDeploymentPostprocessing = 0;
		};
		61AD7C83224BDCF8008340B3 /* Resources */ = {
			isa = PBXResourcesBuildPhase;
			buildActionMask = 2147483647;
			files = (
			);
			runOnlyForDeploymentPostprocessing = 0;
		};
		61AD7C8E224BDCF8008340B3 /* Resources */ = {
			isa = PBXResourcesBuildPhase;
			buildActionMask = 2147483647;
			files = (
			);
			runOnlyForDeploymentPostprocessing = 0;
		};
/* End PBXResourcesBuildPhase section */

/* Begin PBXShellScriptBuildPhase section */
		67D65DF53C0A8938739E86E9 /* [CP] Check Pods Manifest.lock */ = {
			isa = PBXShellScriptBuildPhase;
			buildActionMask = 2147483647;
			files = (
			);
			inputPaths = (
				"${PODS_PODFILE_DIR_PATH}/Podfile.lock",
				"${PODS_ROOT}/Manifest.lock",
			);
			name = "[CP] Check Pods Manifest.lock";
			outputPaths = (
				"$(DERIVED_FILE_DIR)/Pods-AGH MobileTests-checkManifestLockResult.txt",
			);
			runOnlyForDeploymentPostprocessing = 0;
			shellPath = /bin/sh;
			shellScript = "diff \"${PODS_PODFILE_DIR_PATH}/Podfile.lock\" \"${PODS_ROOT}/Manifest.lock\" > /dev/null\nif [ $? != 0 ] ; then\n    # print error to STDERR\n    echo \"error: The sandbox is not in sync with the Podfile.lock. Run 'pod install' or update your CocoaPods installation.\" >&2\n    exit 1\nfi\n# This output is used by Xcode 'outputs' to avoid re-running this script phase.\necho \"SUCCESS\" > \"${SCRIPT_OUTPUT_FILE_0}\"\n";
			showEnvVarsInLog = 0;
		};
		6907BFCA2CD6A4A9B40DB9E2 /* [CP] Check Pods Manifest.lock */ = {
			isa = PBXShellScriptBuildPhase;
			buildActionMask = 2147483647;
			files = (
			);
			inputPaths = (
				"${PODS_PODFILE_DIR_PATH}/Podfile.lock",
				"${PODS_ROOT}/Manifest.lock",
			);
			name = "[CP] Check Pods Manifest.lock";
			outputPaths = (
				"$(DERIVED_FILE_DIR)/Pods-AGH MobileUITests-checkManifestLockResult.txt",
			);
			runOnlyForDeploymentPostprocessing = 0;
			shellPath = /bin/sh;
			shellScript = "diff \"${PODS_PODFILE_DIR_PATH}/Podfile.lock\" \"${PODS_ROOT}/Manifest.lock\" > /dev/null\nif [ $? != 0 ] ; then\n    # print error to STDERR\n    echo \"error: The sandbox is not in sync with the Podfile.lock. Run 'pod install' or update your CocoaPods installation.\" >&2\n    exit 1\nfi\n# This output is used by Xcode 'outputs' to avoid re-running this script phase.\necho \"SUCCESS\" > \"${SCRIPT_OUTPUT_FILE_0}\"\n";
			showEnvVarsInLog = 0;
		};
		AC28DA5F9FF3139AB327955D /* [CP] Embed Pods Frameworks */ = {
			isa = PBXShellScriptBuildPhase;
			buildActionMask = 2147483647;
			files = (
			);
			inputPaths = (
				"${PODS_ROOT}/Target Support Files/Pods-AGH Mobile/Pods-AGH Mobile-frameworks.sh",
				"${BUILT_PRODUCTS_DIR}/Alamofire/Alamofire.framework",
				"${BUILT_PRODUCTS_DIR}/SnapKit/SnapKit.framework",
				"${BUILT_PRODUCTS_DIR}/SwiftyJSON/SwiftyJSON.framework",
			);
			name = "[CP] Embed Pods Frameworks";
			outputPaths = (
				"${TARGET_BUILD_DIR}/${FRAMEWORKS_FOLDER_PATH}/Alamofire.framework",
				"${TARGET_BUILD_DIR}/${FRAMEWORKS_FOLDER_PATH}/SnapKit.framework",
				"${TARGET_BUILD_DIR}/${FRAMEWORKS_FOLDER_PATH}/SwiftyJSON.framework",
			);
			runOnlyForDeploymentPostprocessing = 0;
			shellPath = /bin/sh;
			shellScript = "\"${PODS_ROOT}/Target Support Files/Pods-AGH Mobile/Pods-AGH Mobile-frameworks.sh\"\n";
			showEnvVarsInLog = 0;
		};
		DC28EA5BC9F2FD32587539BC /* [CP] Check Pods Manifest.lock */ = {
			isa = PBXShellScriptBuildPhase;
			buildActionMask = 2147483647;
			files = (
			);
			inputPaths = (
				"${PODS_PODFILE_DIR_PATH}/Podfile.lock",
				"${PODS_ROOT}/Manifest.lock",
			);
			name = "[CP] Check Pods Manifest.lock";
			outputPaths = (
				"$(DERIVED_FILE_DIR)/Pods-AGH Mobile-checkManifestLockResult.txt",
			);
			runOnlyForDeploymentPostprocessing = 0;
			shellPath = /bin/sh;
			shellScript = "diff \"${PODS_PODFILE_DIR_PATH}/Podfile.lock\" \"${PODS_ROOT}/Manifest.lock\" > /dev/null\nif [ $? != 0 ] ; then\n    # print error to STDERR\n    echo \"error: The sandbox is not in sync with the Podfile.lock. Run 'pod install' or update your CocoaPods installation.\" >&2\n    exit 1\nfi\n# This output is used by Xcode 'outputs' to avoid re-running this script phase.\necho \"SUCCESS\" > \"${SCRIPT_OUTPUT_FILE_0}\"\n";
			showEnvVarsInLog = 0;
		};
/* End PBXShellScriptBuildPhase section */

/* Begin PBXSourcesBuildPhase section */
		61AD7C6D224BDCF7008340B3 /* Sources */ = {
			isa = PBXSourcesBuildPhase;
			buildActionMask = 2147483647;
			files = (
				0711EF112291618200F49858 /* FacultiesTableViewCell.swift in Sources */,
				4BC1567B22661D4B00ED633C /* DayTimetable.swift in Sources */,
				4B6B014E225CC9A1001BF0F1 /* Course.swift in Sources */,
				4B6B0147225C9960001BF0F1 /* ModelWD.swift in Sources */,
				6198C8EA2279E947008D664F /* MemberProfileView.swift in Sources */,
				0711EF182291C1B400F49858 /* FacultyDetailTableViewHeader.swift in Sources */,
				6198C9052280E6AB008D664F /* LoginPageViewController.swift in Sources */,
				6198C8F8227C3BD7008D664F /* UserSettingsContent.swift in Sources */,
				07160CE7229716C700623284 /* ToolbarPickerView.swift in Sources */,
				4B6B0157225CD289001BF0F1 /* TestWDImpl.swift in Sources */,
				0711EF0622915B1600F49858 /* FacultiesViewController.swift in Sources */,
				61241323225267E3007D04C0 /* InformationsView.swift in Sources */,
				4B87CCD52264E8130028930A /* TestSkosImpl.swift in Sources */,
				6198C8E1227898B6008D664F /* TeamGalleryCell.swift in Sources */,
				611F4B1A2250E0480056416E /* UserViewController.swift in Sources */,
				613324B8228486DD00C7C474 /* InformationContent.swift in Sources */,
				0711EF162291C15200F49858 /* FacultyDetailTableViewCell.swift in Sources */,
				615779212265F7D400C1BCDC /* AboutAsView.swift in Sources */,
				0711EF0C22915E3900F49858 /* CourseDetailViewController.swift in Sources */,
				6198C8FE227C8215008D664F /* SeparatorView.swift in Sources */,
				6198C900227C89B0008D664F /* RowView.swift in Sources */,
				6198C8F6227C25CA008D664F /* UserWDProfile.swift in Sources */,
				4B6B0152225CCD7C001BF0F1 /* Grades.swift in Sources */,
				4B87CCD72264E9170028930A /* Employee.swift in Sources */,
				071074F32292F21A003B9279 /* SemesterSwitcherView.swift in Sources */,
				611F4B1D2250E0480056416E /* ForYouViewController.swift in Sources */,
				4B87CCCD2264E0430028930A /* SkosViewModel.swift in Sources */,
				0711EF0822915B3900F49858 /* FacultyDetailViewController.swift in Sources */,
				611F4B1F225104240056416E /* ForYouView.swift in Sources */,
				615779292267089100C1BCDC /* DescriptionTextView.swift in Sources */,
				4B87CCCF2264E05F0028930A /* ModelSkos.swift in Sources */,
				6198C9092280EC2E008D664F /* AGHTextField.swift in Sources */,
				0711EF0A22915E2200F49858 /* StudyProgramViewController.swift in Sources */,
				6124131F22526752007D04C0 /* StudiesView.swift in Sources */,
				4BC1567D22661EE700ED633C /* TimetableEntry.swift in Sources */,
				61ECE8A4224D315B00A9A806 /* HomeTabBarController.swift in Sources */,
				613324B6228483C100C7C474 /* SectionTitle.swift in Sources */,
				6198C9072280E6C3008D664F /* LoginPageView.swift in Sources */,
				4B6B0154225CCE2A001BF0F1 /* CourseType.swift in Sources */,
				611F4B192250E0480056416E /* InformationsViewController.swift in Sources */,
				6157791F2265F77E00C1BCDC /* AboutAsViewController.swift in Sources */,
				6198C8E62279E8F2008D664F /* MemberProfileViewController.swift in Sources */,
				6198C8FC227C3F9E008D664F /* AGHButton.swift in Sources */,
				61AD7C75224BDCF7008340B3 /* AppDelegate.swift in Sources */,
				611F4B1C2250E0480056416E /* StudiesViewController.swift in Sources */,
				071074F7229302AA003B9279 /* StudyProgramTableViewHeader.swift in Sources */,
				611F4B1B2250E0480056416E /* MapsViewController.swift in Sources */,
				61A42D8022869DE000761A0E /* TabBarPageTitleLabel.swift in Sources */,
				4BC1567422660AC600ED633C /* PersonalInfo.swift in Sources */,
				61241321225267A9007D04C0 /* MapsView.swift in Sources */,
				611F4B6422511F3C0056416E /* HomeTabBar.swift in Sources */,
				61A743ED227743BB00DFCB35 /* Colors.swift in Sources */,
				071074F522930259003B9279 /* StudyProgramTableViewCell.swift in Sources */,
				611F4B68225127F80056416E /* HomeTabBarItem.swift in Sources */,
				6198C8EC227A0C65008D664F /* MemberWebPagesCell.swift in Sources */,
				4B6B0149225C9B70001BF0F1 /* WDViewModel.swift in Sources */,
				4B6B0150225CCBC5001BF0F1 /* Grade.swift in Sources */,
				4BC156782266102B00ED633C /* StudyProgress.swift in Sources */,
				4B87CCD32264E6B10028930A /* WDImplv2.swift in Sources */,
				61241325225267FC007D04C0 /* UserView.swift in Sources */,
			);
			runOnlyForDeploymentPostprocessing = 0;
		};
		61AD7C81224BDCF8008340B3 /* Sources */ = {
			isa = PBXSourcesBuildPhase;
			buildActionMask = 2147483647;
			files = (
				61AD7C8A224BDCF8008340B3 /* AGH_MobileTests.swift in Sources */,
			);
			runOnlyForDeploymentPostprocessing = 0;
		};
		61AD7C8C224BDCF8008340B3 /* Sources */ = {
			isa = PBXSourcesBuildPhase;
			buildActionMask = 2147483647;
			files = (
				61AD7C95224BDCF8008340B3 /* AGH_MobileUITests.swift in Sources */,
			);
			runOnlyForDeploymentPostprocessing = 0;
		};
/* End PBXSourcesBuildPhase section */

/* Begin PBXTargetDependency section */
		61AD7C87224BDCF8008340B3 /* PBXTargetDependency */ = {
			isa = PBXTargetDependency;
			target = 61AD7C70224BDCF7008340B3 /* AGH Mobile */;
			targetProxy = 61AD7C86224BDCF8008340B3 /* PBXContainerItemProxy */;
		};
		61AD7C92224BDCF8008340B3 /* PBXTargetDependency */ = {
			isa = PBXTargetDependency;
			target = 61AD7C70224BDCF7008340B3 /* AGH Mobile */;
			targetProxy = 61AD7C91224BDCF8008340B3 /* PBXContainerItemProxy */;
		};
/* End PBXTargetDependency section */

/* Begin XCBuildConfiguration section */
		61AD7C97224BDCF8008340B3 /* Debug */ = {
			isa = XCBuildConfiguration;
			buildSettings = {
				ALWAYS_SEARCH_USER_PATHS = NO;
				CLANG_ANALYZER_NONNULL = YES;
				CLANG_ANALYZER_NUMBER_OBJECT_CONVERSION = YES_AGGRESSIVE;
				CLANG_CXX_LANGUAGE_STANDARD = "gnu++14";
				CLANG_CXX_LIBRARY = "libc++";
				CLANG_ENABLE_MODULES = YES;
				CLANG_ENABLE_OBJC_ARC = YES;
				CLANG_ENABLE_OBJC_WEAK = YES;
				CLANG_WARN_BLOCK_CAPTURE_AUTORELEASING = YES;
				CLANG_WARN_BOOL_CONVERSION = YES;
				CLANG_WARN_COMMA = YES;
				CLANG_WARN_CONSTANT_CONVERSION = YES;
				CLANG_WARN_DEPRECATED_OBJC_IMPLEMENTATIONS = YES;
				CLANG_WARN_DIRECT_OBJC_ISA_USAGE = YES_ERROR;
				CLANG_WARN_DOCUMENTATION_COMMENTS = YES;
				CLANG_WARN_EMPTY_BODY = YES;
				CLANG_WARN_ENUM_CONVERSION = YES;
				CLANG_WARN_INFINITE_RECURSION = YES;
				CLANG_WARN_INT_CONVERSION = YES;
				CLANG_WARN_NON_LITERAL_NULL_CONVERSION = YES;
				CLANG_WARN_OBJC_IMPLICIT_RETAIN_SELF = YES;
				CLANG_WARN_OBJC_LITERAL_CONVERSION = YES;
				CLANG_WARN_OBJC_ROOT_CLASS = YES_ERROR;
				CLANG_WARN_RANGE_LOOP_ANALYSIS = YES;
				CLANG_WARN_STRICT_PROTOTYPES = YES;
				CLANG_WARN_SUSPICIOUS_MOVE = YES;
				CLANG_WARN_UNGUARDED_AVAILABILITY = YES_AGGRESSIVE;
				CLANG_WARN_UNREACHABLE_CODE = YES;
				CLANG_WARN__DUPLICATE_METHOD_MATCH = YES;
				CODE_SIGN_IDENTITY = "iPhone Developer";
				COPY_PHASE_STRIP = NO;
				DEBUG_INFORMATION_FORMAT = dwarf;
				ENABLE_STRICT_OBJC_MSGSEND = YES;
				ENABLE_TESTABILITY = YES;
				GCC_C_LANGUAGE_STANDARD = gnu11;
				GCC_DYNAMIC_NO_PIC = NO;
				GCC_NO_COMMON_BLOCKS = YES;
				GCC_OPTIMIZATION_LEVEL = 0;
				GCC_PREPROCESSOR_DEFINITIONS = (
					"DEBUG=1",
					"$(inherited)",
				);
				GCC_WARN_64_TO_32_BIT_CONVERSION = YES;
				GCC_WARN_ABOUT_RETURN_TYPE = YES_ERROR;
				GCC_WARN_UNDECLARED_SELECTOR = YES;
				GCC_WARN_UNINITIALIZED_AUTOS = YES_AGGRESSIVE;
				GCC_WARN_UNUSED_FUNCTION = YES;
				GCC_WARN_UNUSED_VARIABLE = YES;
				IPHONEOS_DEPLOYMENT_TARGET = 12.2;
				MTL_ENABLE_DEBUG_INFO = INCLUDE_SOURCE;
				MTL_FAST_MATH = YES;
				ONLY_ACTIVE_ARCH = YES;
				SDKROOT = iphoneos;
				SWIFT_ACTIVE_COMPILATION_CONDITIONS = DEBUG;
				SWIFT_OPTIMIZATION_LEVEL = "-Onone";
			};
			name = Debug;
		};
		61AD7C98224BDCF8008340B3 /* Release */ = {
			isa = XCBuildConfiguration;
			buildSettings = {
				ALWAYS_SEARCH_USER_PATHS = NO;
				CLANG_ANALYZER_NONNULL = YES;
				CLANG_ANALYZER_NUMBER_OBJECT_CONVERSION = YES_AGGRESSIVE;
				CLANG_CXX_LANGUAGE_STANDARD = "gnu++14";
				CLANG_CXX_LIBRARY = "libc++";
				CLANG_ENABLE_MODULES = YES;
				CLANG_ENABLE_OBJC_ARC = YES;
				CLANG_ENABLE_OBJC_WEAK = YES;
				CLANG_WARN_BLOCK_CAPTURE_AUTORELEASING = YES;
				CLANG_WARN_BOOL_CONVERSION = YES;
				CLANG_WARN_COMMA = YES;
				CLANG_WARN_CONSTANT_CONVERSION = YES;
				CLANG_WARN_DEPRECATED_OBJC_IMPLEMENTATIONS = YES;
				CLANG_WARN_DIRECT_OBJC_ISA_USAGE = YES_ERROR;
				CLANG_WARN_DOCUMENTATION_COMMENTS = YES;
				CLANG_WARN_EMPTY_BODY = YES;
				CLANG_WARN_ENUM_CONVERSION = YES;
				CLANG_WARN_INFINITE_RECURSION = YES;
				CLANG_WARN_INT_CONVERSION = YES;
				CLANG_WARN_NON_LITERAL_NULL_CONVERSION = YES;
				CLANG_WARN_OBJC_IMPLICIT_RETAIN_SELF = YES;
				CLANG_WARN_OBJC_LITERAL_CONVERSION = YES;
				CLANG_WARN_OBJC_ROOT_CLASS = YES_ERROR;
				CLANG_WARN_RANGE_LOOP_ANALYSIS = YES;
				CLANG_WARN_STRICT_PROTOTYPES = YES;
				CLANG_WARN_SUSPICIOUS_MOVE = YES;
				CLANG_WARN_UNGUARDED_AVAILABILITY = YES_AGGRESSIVE;
				CLANG_WARN_UNREACHABLE_CODE = YES;
				CLANG_WARN__DUPLICATE_METHOD_MATCH = YES;
				CODE_SIGN_IDENTITY = "iPhone Developer";
				COPY_PHASE_STRIP = NO;
				DEBUG_INFORMATION_FORMAT = "dwarf-with-dsym";
				ENABLE_NS_ASSERTIONS = NO;
				ENABLE_STRICT_OBJC_MSGSEND = YES;
				GCC_C_LANGUAGE_STANDARD = gnu11;
				GCC_NO_COMMON_BLOCKS = YES;
				GCC_WARN_64_TO_32_BIT_CONVERSION = YES;
				GCC_WARN_ABOUT_RETURN_TYPE = YES_ERROR;
				GCC_WARN_UNDECLARED_SELECTOR = YES;
				GCC_WARN_UNINITIALIZED_AUTOS = YES_AGGRESSIVE;
				GCC_WARN_UNUSED_FUNCTION = YES;
				GCC_WARN_UNUSED_VARIABLE = YES;
				IPHONEOS_DEPLOYMENT_TARGET = 12.2;
				MTL_ENABLE_DEBUG_INFO = NO;
				MTL_FAST_MATH = YES;
				SDKROOT = iphoneos;
				SWIFT_COMPILATION_MODE = wholemodule;
				SWIFT_OPTIMIZATION_LEVEL = "-O";
				VALIDATE_PRODUCT = YES;
			};
			name = Release;
		};
		61AD7C9A224BDCF8008340B3 /* Debug */ = {
			isa = XCBuildConfiguration;
			baseConfigurationReference = 03112BCDD937195F7F665054 /* Pods-AGH Mobile.debug.xcconfig */;
			buildSettings = {
				ASSETCATALOG_COMPILER_APPICON_NAME = AppIcon;
				CODE_SIGN_STYLE = Automatic;
				DEVELOPMENT_TEAM = 9RSVCT9A9H;
				INFOPLIST_FILE = "$(SRCROOT)/AGH Mobile/Supporting Files/Info.plist";
				IPHONEOS_DEPLOYMENT_TARGET = 12.1;
				LD_RUNPATH_SEARCH_PATHS = (
					"$(inherited)",
					"@executable_path/Frameworks",
				);
				PRODUCT_BUNDLE_IDENTIFIER = pl.edu.agh.mackn.AGHMobi;
				PRODUCT_NAME = "$(TARGET_NAME)";
				SWIFT_VERSION = 5.0;
				TARGETED_DEVICE_FAMILY = 1;
			};
			name = Debug;
		};
		61AD7C9B224BDCF8008340B3 /* Release */ = {
			isa = XCBuildConfiguration;
			baseConfigurationReference = 3A8133F53DCB3FBF2ECD7701 /* Pods-AGH Mobile.release.xcconfig */;
			buildSettings = {
				ASSETCATALOG_COMPILER_APPICON_NAME = AppIcon;
				CODE_SIGN_STYLE = Automatic;
				DEVELOPMENT_TEAM = 9RSVCT9A9H;
				INFOPLIST_FILE = "$(SRCROOT)/AGH Mobile/Supporting Files/Info.plist";
				IPHONEOS_DEPLOYMENT_TARGET = 12.1;
				LD_RUNPATH_SEARCH_PATHS = (
					"$(inherited)",
					"@executable_path/Frameworks",
				);
				PRODUCT_BUNDLE_IDENTIFIER = pl.edu.agh.mackn.AGHMobi;
				PRODUCT_NAME = "$(TARGET_NAME)";
				SWIFT_VERSION = 5.0;
				TARGETED_DEVICE_FAMILY = 1;
			};
			name = Release;
		};
		61AD7C9D224BDCF8008340B3 /* Debug */ = {
			isa = XCBuildConfiguration;
			baseConfigurationReference = D055B5334B7E17670374A273 /* Pods-AGH MobileTests.debug.xcconfig */;
			buildSettings = {
				ALWAYS_EMBED_SWIFT_STANDARD_LIBRARIES = YES;
				BUNDLE_LOADER = "$(TEST_HOST)";
				CODE_SIGN_STYLE = Automatic;
				INFOPLIST_FILE = "AGH MobileTests/Info.plist";
				LD_RUNPATH_SEARCH_PATHS = (
					"$(inherited)",
					"@executable_path/Frameworks",
					"@loader_path/Frameworks",
				);
				PRODUCT_BUNDLE_IDENTIFIER = "pl.mackn.agh.edu.AGH-MobileTests";
				PRODUCT_NAME = "$(TARGET_NAME)";
				SWIFT_VERSION = 5.0;
				TARGETED_DEVICE_FAMILY = "1,2";
				TEST_HOST = "$(BUILT_PRODUCTS_DIR)/AGH Mobile.app/AGH Mobile";
			};
			name = Debug;
		};
		61AD7C9E224BDCF8008340B3 /* Release */ = {
			isa = XCBuildConfiguration;
			baseConfigurationReference = 9DAF2A659C668A915AD4D8CA /* Pods-AGH MobileTests.release.xcconfig */;
			buildSettings = {
				ALWAYS_EMBED_SWIFT_STANDARD_LIBRARIES = YES;
				BUNDLE_LOADER = "$(TEST_HOST)";
				CODE_SIGN_STYLE = Automatic;
				INFOPLIST_FILE = "AGH MobileTests/Info.plist";
				LD_RUNPATH_SEARCH_PATHS = (
					"$(inherited)",
					"@executable_path/Frameworks",
					"@loader_path/Frameworks",
				);
				PRODUCT_BUNDLE_IDENTIFIER = "pl.mackn.agh.edu.AGH-MobileTests";
				PRODUCT_NAME = "$(TARGET_NAME)";
				SWIFT_VERSION = 5.0;
				TARGETED_DEVICE_FAMILY = "1,2";
				TEST_HOST = "$(BUILT_PRODUCTS_DIR)/AGH Mobile.app/AGH Mobile";
			};
			name = Release;
		};
		61AD7CA0224BDCF8008340B3 /* Debug */ = {
			isa = XCBuildConfiguration;
			baseConfigurationReference = 77F59FBE253B8BA7BCED5272 /* Pods-AGH MobileUITests.debug.xcconfig */;
			buildSettings = {
				ALWAYS_EMBED_SWIFT_STANDARD_LIBRARIES = YES;
				CODE_SIGN_STYLE = Automatic;
				INFOPLIST_FILE = "AGH MobileUITests/Info.plist";
				LD_RUNPATH_SEARCH_PATHS = (
					"$(inherited)",
					"@executable_path/Frameworks",
					"@loader_path/Frameworks",
				);
				PRODUCT_BUNDLE_IDENTIFIER = "pl.mackn.agh.edu.AGH-MobileUITests";
				PRODUCT_NAME = "$(TARGET_NAME)";
				SWIFT_VERSION = 5.0;
				TARGETED_DEVICE_FAMILY = "1,2";
				TEST_TARGET_NAME = "AGH Mobile";
			};
			name = Debug;
		};
		61AD7CA1224BDCF8008340B3 /* Release */ = {
			isa = XCBuildConfiguration;
			baseConfigurationReference = 57B0E798F6F514B98BE09314 /* Pods-AGH MobileUITests.release.xcconfig */;
			buildSettings = {
				ALWAYS_EMBED_SWIFT_STANDARD_LIBRARIES = YES;
				CODE_SIGN_STYLE = Automatic;
				INFOPLIST_FILE = "AGH MobileUITests/Info.plist";
				LD_RUNPATH_SEARCH_PATHS = (
					"$(inherited)",
					"@executable_path/Frameworks",
					"@loader_path/Frameworks",
				);
				PRODUCT_BUNDLE_IDENTIFIER = "pl.mackn.agh.edu.AGH-MobileUITests";
				PRODUCT_NAME = "$(TARGET_NAME)";
				SWIFT_VERSION = 5.0;
				TARGETED_DEVICE_FAMILY = "1,2";
				TEST_TARGET_NAME = "AGH Mobile";
			};
			name = Release;
		};
/* End XCBuildConfiguration section */

/* Begin XCConfigurationList section */
		61AD7C6C224BDCF7008340B3 /* Build configuration list for PBXProject "AGH Mobile" */ = {
			isa = XCConfigurationList;
			buildConfigurations = (
				61AD7C97224BDCF8008340B3 /* Debug */,
				61AD7C98224BDCF8008340B3 /* Release */,
			);
			defaultConfigurationIsVisible = 0;
			defaultConfigurationName = Release;
		};
		61AD7C99224BDCF8008340B3 /* Build configuration list for PBXNativeTarget "AGH Mobile" */ = {
			isa = XCConfigurationList;
			buildConfigurations = (
				61AD7C9A224BDCF8008340B3 /* Debug */,
				61AD7C9B224BDCF8008340B3 /* Release */,
			);
			defaultConfigurationIsVisible = 0;
			defaultConfigurationName = Release;
		};
		61AD7C9C224BDCF8008340B3 /* Build configuration list for PBXNativeTarget "AGH MobileTests" */ = {
			isa = XCConfigurationList;
			buildConfigurations = (
				61AD7C9D224BDCF8008340B3 /* Debug */,
				61AD7C9E224BDCF8008340B3 /* Release */,
			);
			defaultConfigurationIsVisible = 0;
			defaultConfigurationName = Release;
		};
		61AD7C9F224BDCF8008340B3 /* Build configuration list for PBXNativeTarget "AGH MobileUITests" */ = {
			isa = XCConfigurationList;
			buildConfigurations = (
				61AD7CA0224BDCF8008340B3 /* Debug */,
				61AD7CA1224BDCF8008340B3 /* Release */,
			);
			defaultConfigurationIsVisible = 0;
			defaultConfigurationName = Release;
		};
/* End XCConfigurationList section */
	};
	rootObject = 61AD7C69224BDCF7008340B3 /* Project object */;
}
