// !$*UTF8*$!
{
	archiveVersion = 1;
	classes = {
	};
	objectVersion = 50;
	objects = {

/* Begin PBXBuildFile section */
		61AD7C75224BDCF7008340B3 /* AppDelegate.swift in Sources */ = {isa = PBXBuildFile; fileRef = 61AD7C74224BDCF7008340B3 /* AppDelegate.swift */; };
		61AD7C7C224BDCF7008340B3 /* Assets.xcassets in Resources */ = {isa = PBXBuildFile; fileRef = 61AD7C7B224BDCF7008340B3 /* Assets.xcassets */; };
		61AD7C8A224BDCF8008340B3 /* AGH_MobileTests.swift in Sources */ = {isa = PBXBuildFile; fileRef = 61AD7C89224BDCF8008340B3 /* AGH_MobileTests.swift */; };
		61AD7C95224BDCF8008340B3 /* AGH_MobileUITests.swift in Sources */ = {isa = PBXBuildFile; fileRef = 61AD7C94224BDCF8008340B3 /* AGH_MobileUITests.swift */; };
		61ECE8A4224D315B00A9A806 /* HomeTabBarController.swift in Sources */ = {isa = PBXBuildFile; fileRef = 61ECE8A3224D315B00A9A806 /* HomeTabBarController.swift */; };
		61ECE8AE224D6A7400A9A806 /* UserViewController.swift in Sources */ = {isa = PBXBuildFile; fileRef = 61ECE8AD224D6A7400A9A806 /* UserViewController.swift */; };
		61ECE8B0224D6A8200A9A806 /* StudiesViewController.swift in Sources */ = {isa = PBXBuildFile; fileRef = 61ECE8AF224D6A8200A9A806 /* StudiesViewController.swift */; };
		61ECE8B2224D6A9900A9A806 /* MapsViewController.swift in Sources */ = {isa = PBXBuildFile; fileRef = 61ECE8B1224D6A9900A9A806 /* MapsViewController.swift */; };
		61ECE8B4224D6AAA00A9A806 /* InformationsViewController.swift in Sources */ = {isa = PBXBuildFile; fileRef = 61ECE8B3224D6AAA00A9A806 /* InformationsViewController.swift */; };
		61ECE8B6224D6AB600A9A806 /* ForYouViewController.swift in Sources */ = {isa = PBXBuildFile; fileRef = 61ECE8B5224D6AB600A9A806 /* ForYouViewController.swift */; };
		76ED7A09ADF48FAF996EEFD2 /* Pods_AGH_MobileTests.framework in Frameworks */ = {isa = PBXBuildFile; fileRef = 554F55C7E663789FC597AA5F /* Pods_AGH_MobileTests.framework */; };
		8F3A8D473740ED8EC2AF437E /* Pods_AGH_MobileUITests.framework in Frameworks */ = {isa = PBXBuildFile; fileRef = 93331B44848AD393CED8E3B5 /* Pods_AGH_MobileUITests.framework */; };
		AA7425C01AFAEC2A6CE94699 /* Pods_AGH_Mobile.framework in Frameworks */ = {isa = PBXBuildFile; fileRef = 9454BF74EFD6E6A8CE744B70 /* Pods_AGH_Mobile.framework */; };
/* End PBXBuildFile section */

/* Begin PBXContainerItemProxy section */
		61AD7C86224BDCF8008340B3 /* PBXContainerItemProxy */ = {
			isa = PBXContainerItemProxy;
			containerPortal = 61AD7C69224BDCF7008340B3 /* Project object */;
			proxyType = 1;
			remoteGlobalIDString = 61AD7C70224BDCF7008340B3;
			remoteInfo = "AGH Mobile";
		};
		61AD7C91224BDCF8008340B3 /* PBXContainerItemProxy */ = {
			isa = PBXContainerItemProxy;
			containerPortal = 61AD7C69224BDCF7008340B3 /* Project object */;
			proxyType = 1;
			remoteGlobalIDString = 61AD7C70224BDCF7008340B3;
			remoteInfo = "AGH Mobile";
		};
/* End PBXContainerItemProxy section */

/* Begin PBXFileReference section */
		03112BCDD937195F7F665054 /* Pods-AGH Mobile.debug.xcconfig */ = {isa = PBXFileReference; includeInIndex = 1; lastKnownFileType = text.xcconfig; name = "Pods-AGH Mobile.debug.xcconfig"; path = "Pods/Target Support Files/Pods-AGH Mobile/Pods-AGH Mobile.debug.xcconfig"; sourceTree = "<group>"; };
		3A8133F53DCB3FBF2ECD7701 /* Pods-AGH Mobile.release.xcconfig */ = {isa = PBXFileReference; includeInIndex = 1; lastKnownFileType = text.xcconfig; name = "Pods-AGH Mobile.release.xcconfig"; path = "Pods/Target Support Files/Pods-AGH Mobile/Pods-AGH Mobile.release.xcconfig"; sourceTree = "<group>"; };
		554F55C7E663789FC597AA5F /* Pods_AGH_MobileTests.framework */ = {isa = PBXFileReference; explicitFileType = wrapper.framework; includeInIndex = 0; path = Pods_AGH_MobileTests.framework; sourceTree = BUILT_PRODUCTS_DIR; };
		57B0E798F6F514B98BE09314 /* Pods-AGH MobileUITests.release.xcconfig */ = {isa = PBXFileReference; includeInIndex = 1; lastKnownFileType = text.xcconfig; name = "Pods-AGH MobileUITests.release.xcconfig"; path = "Pods/Target Support Files/Pods-AGH MobileUITests/Pods-AGH MobileUITests.release.xcconfig"; sourceTree = "<group>"; };
		61AD7C71224BDCF7008340B3 /* AGH Mobile.app */ = {isa = PBXFileReference; explicitFileType = wrapper.application; includeInIndex = 0; path = "AGH Mobile.app"; sourceTree = BUILT_PRODUCTS_DIR; };
		61AD7C74224BDCF7008340B3 /* AppDelegate.swift */ = {isa = PBXFileReference; lastKnownFileType = sourcecode.swift; path = AppDelegate.swift; sourceTree = "<group>"; };
		61AD7C7B224BDCF7008340B3 /* Assets.xcassets */ = {isa = PBXFileReference; lastKnownFileType = folder.assetcatalog; path = Assets.xcassets; sourceTree = "<group>"; };
		61AD7C80224BDCF7008340B3 /* Info.plist */ = {isa = PBXFileReference; lastKnownFileType = text.plist.xml; path = Info.plist; sourceTree = "<group>"; };
		61AD7C85224BDCF8008340B3 /* AGH MobileTests.xctest */ = {isa = PBXFileReference; explicitFileType = wrapper.cfbundle; includeInIndex = 0; path = "AGH MobileTests.xctest"; sourceTree = BUILT_PRODUCTS_DIR; };
		61AD7C89224BDCF8008340B3 /* AGH_MobileTests.swift */ = {isa = PBXFileReference; lastKnownFileType = sourcecode.swift; path = AGH_MobileTests.swift; sourceTree = "<group>"; };
		61AD7C8B224BDCF8008340B3 /* Info.plist */ = {isa = PBXFileReference; lastKnownFileType = text.plist.xml; path = Info.plist; sourceTree = "<group>"; };
		61AD7C90224BDCF8008340B3 /* AGH MobileUITests.xctest */ = {isa = PBXFileReference; explicitFileType = wrapper.cfbundle; includeInIndex = 0; path = "AGH MobileUITests.xctest"; sourceTree = BUILT_PRODUCTS_DIR; };
		61AD7C94224BDCF8008340B3 /* AGH_MobileUITests.swift */ = {isa = PBXFileReference; lastKnownFileType = sourcecode.swift; path = AGH_MobileUITests.swift; sourceTree = "<group>"; };
		61AD7C96224BDCF8008340B3 /* Info.plist */ = {isa = PBXFileReference; lastKnownFileType = text.plist.xml; path = Info.plist; sourceTree = "<group>"; };
		61ECE8A3224D315B00A9A806 /* HomeTabBarController.swift */ = {isa = PBXFileReference; lastKnownFileType = sourcecode.swift; path = HomeTabBarController.swift; sourceTree = "<group>"; };
		61ECE8AD224D6A7400A9A806 /* UserViewController.swift */ = {isa = PBXFileReference; lastKnownFileType = sourcecode.swift; path = UserViewController.swift; sourceTree = "<group>"; };
		61ECE8AF224D6A8200A9A806 /* StudiesViewController.swift */ = {isa = PBXFileReference; lastKnownFileType = sourcecode.swift; path = StudiesViewController.swift; sourceTree = "<group>"; };
		61ECE8B1224D6A9900A9A806 /* MapsViewController.swift */ = {isa = PBXFileReference; lastKnownFileType = sourcecode.swift; path = MapsViewController.swift; sourceTree = "<group>"; };
		61ECE8B3224D6AAA00A9A806 /* InformationsViewController.swift */ = {isa = PBXFileReference; lastKnownFileType = sourcecode.swift; path = InformationsViewController.swift; sourceTree = "<group>"; };
		61ECE8B5224D6AB600A9A806 /* ForYouViewController.swift */ = {isa = PBXFileReference; lastKnownFileType = sourcecode.swift; path = ForYouViewController.swift; sourceTree = "<group>"; };
		77F59FBE253B8BA7BCED5272 /* Pods-AGH MobileUITests.debug.xcconfig */ = {isa = PBXFileReference; includeInIndex = 1; lastKnownFileType = text.xcconfig; name = "Pods-AGH MobileUITests.debug.xcconfig"; path = "Pods/Target Support Files/Pods-AGH MobileUITests/Pods-AGH MobileUITests.debug.xcconfig"; sourceTree = "<group>"; };
		93331B44848AD393CED8E3B5 /* Pods_AGH_MobileUITests.framework */ = {isa = PBXFileReference; explicitFileType = wrapper.framework; includeInIndex = 0; path = Pods_AGH_MobileUITests.framework; sourceTree = BUILT_PRODUCTS_DIR; };
		9454BF74EFD6E6A8CE744B70 /* Pods_AGH_Mobile.framework */ = {isa = PBXFileReference; explicitFileType = wrapper.framework; includeInIndex = 0; path = Pods_AGH_Mobile.framework; sourceTree = BUILT_PRODUCTS_DIR; };
		9DAF2A659C668A915AD4D8CA /* Pods-AGH MobileTests.release.xcconfig */ = {isa = PBXFileReference; includeInIndex = 1; lastKnownFileType = text.xcconfig; name = "Pods-AGH MobileTests.release.xcconfig"; path = "Pods/Target Support Files/Pods-AGH MobileTests/Pods-AGH MobileTests.release.xcconfig"; sourceTree = "<group>"; };
		D055B5334B7E17670374A273 /* Pods-AGH MobileTests.debug.xcconfig */ = {isa = PBXFileReference; includeInIndex = 1; lastKnownFileType = text.xcconfig; name = "Pods-AGH MobileTests.debug.xcconfig"; path = "Pods/Target Support Files/Pods-AGH MobileTests/Pods-AGH MobileTests.debug.xcconfig"; sourceTree = "<group>"; };
/* End PBXFileReference section */

/* Begin PBXFrameworksBuildPhase section */
		61AD7C6E224BDCF7008340B3 /* Frameworks */ = {
			isa = PBXFrameworksBuildPhase;
			buildActionMask = 2147483647;
			files = (
				AA7425C01AFAEC2A6CE94699 /* Pods_AGH_Mobile.framework in Frameworks */,
			);
			runOnlyForDeploymentPostprocessing = 0;
		};
		61AD7C82224BDCF8008340B3 /* Frameworks */ = {
			isa = PBXFrameworksBuildPhase;
			buildActionMask = 2147483647;
			files = (
				76ED7A09ADF48FAF996EEFD2 /* Pods_AGH_MobileTests.framework in Frameworks */,
			);
			runOnlyForDeploymentPostprocessing = 0;
		};
		61AD7C8D224BDCF8008340B3 /* Frameworks */ = {
			isa = PBXFrameworksBuildPhase;
			buildActionMask = 2147483647;
			files = (
				8F3A8D473740ED8EC2AF437E /* Pods_AGH_MobileUITests.framework in Frameworks */,
			);
			runOnlyForDeploymentPostprocessing = 0;
		};
/* End PBXFrameworksBuildPhase section */

/* Begin PBXGroup section */
		00254FAC30A9861E5494FE43 /* Frameworks */ = {
			isa = PBXGroup;
			children = (
				9454BF74EFD6E6A8CE744B70 /* Pods_AGH_Mobile.framework */,
				554F55C7E663789FC597AA5F /* Pods_AGH_MobileTests.framework */,
				93331B44848AD393CED8E3B5 /* Pods_AGH_MobileUITests.framework */,
			);
			name = Frameworks;
			sourceTree = "<group>";
		};
		61AD7C68224BDCF7008340B3 = {
			isa = PBXGroup;
			children = (
				61AD7C73224BDCF7008340B3 /* AGH Mobile */,
				61AD7C88224BDCF8008340B3 /* AGH MobileTests */,
				61AD7C93224BDCF8008340B3 /* AGH MobileUITests */,
				00254FAC30A9861E5494FE43 /* Frameworks */,
				C08FECE8D4AF6BDCAEAA9087 /* Pods */,
				61AD7C72224BDCF7008340B3 /* Products */,
			);
			sourceTree = "<group>";
		};
		61AD7C72224BDCF7008340B3 /* Products */ = {
			isa = PBXGroup;
			children = (
				61AD7C71224BDCF7008340B3 /* AGH Mobile.app */,
				61AD7C85224BDCF8008340B3 /* AGH MobileTests.xctest */,
				61AD7C90224BDCF8008340B3 /* AGH MobileUITests.xctest */,
			);
			name = Products;
			sourceTree = "<group>";
		};
		61AD7C73224BDCF7008340B3 /* AGH Mobile */ = {
			isa = PBXGroup;
			children = (
				61ECE897224D1F2300A9A806 /* AppDelegate */,
				61ECE89C224D200200A9A806 /* Controller */,
				61ECE898224D1F5500A9A806 /* Model */,
				61ECE89A224D1F7B00A9A806 /* Resources */,
				61ECE899224D1F5F00A9A806 /* Service */,
				61ECE89B224D1FC500A9A806 /* View */,
				61ECE89D224D201500A9A806 /* View Model */,
			);
			path = "AGH Mobile";
			sourceTree = "<group>";
		};
		61AD7C88224BDCF8008340B3 /* AGH MobileTests */ = {
			isa = PBXGroup;
			children = (
				61AD7C89224BDCF8008340B3 /* AGH_MobileTests.swift */,
				61AD7C8B224BDCF8008340B3 /* Info.plist */,
			);
			path = "AGH MobileTests";
			sourceTree = "<group>";
		};
		61AD7C93224BDCF8008340B3 /* AGH MobileUITests */ = {
			isa = PBXGroup;
			children = (
				61AD7C94224BDCF8008340B3 /* AGH_MobileUITests.swift */,
				61AD7C96224BDCF8008340B3 /* Info.plist */,
			);
			path = "AGH MobileUITests";
			sourceTree = "<group>";
		};
		61ECE897224D1F2300A9A806 /* AppDelegate */ = {
			isa = PBXGroup;
			children = (
				61AD7C74224BDCF7008340B3 /* AppDelegate.swift */,
			);
			path = AppDelegate;
			sourceTree = "<group>";
		};
		61ECE898224D1F5500A9A806 /* Model */ = {
			isa = PBXGroup;
			children = (
			);
			path = Model;
			sourceTree = "<group>";
		};
		61ECE899224D1F5F00A9A806 /* Service */ = {
			isa = PBXGroup;
			children = (
			);
			path = Service;
			sourceTree = "<group>";
		};
		61ECE89A224D1F7B00A9A806 /* Resources */ = {
			isa = PBXGroup;
			children = (
				61AD7C7B224BDCF7008340B3 /* Assets.xcassets */,
				61AD7C80224BDCF7008340B3 /* Info.plist */,
			);
			path = Resources;
			sourceTree = "<group>";
		};
		61ECE89B224D1FC500A9A806 /* View */ = {
			isa = PBXGroup;
			children = (
				61ECE8A7224D699C00A9A806 /* For You */,
				61ECE8AB224D69D600A9A806 /* Studies */,
				61ECE8AA224D69CE00A9A806 /* Maps */,
				61ECE8A8224D69B500A9A806 /* Informations */,
				61ECE8AC224D69DD00A9A806 /* User */,
			);
			path = View;
			sourceTree = "<group>";
		};
		61ECE89C224D200200A9A806 /* Controller */ = {
			isa = PBXGroup;
			children = (
				61ECE8A3224D315B00A9A806 /* HomeTabBarController.swift */,
			);
			path = Controller;
			sourceTree = "<group>";
		};
		61ECE89D224D201500A9A806 /* View Model */ = {
			isa = PBXGroup;
			children = (
			);
			path = "View Model";
			sourceTree = "<group>";
		};
		61ECE8A7224D699C00A9A806 /* For You */ = {
			isa = PBXGroup;
			children = (
				61ECE8BB224D6AE600A9A806 /* Controller */,
			);
			path = "For You";
			sourceTree = "<group>";
		};
		61ECE8A8224D69B500A9A806 /* Informations */ = {
			isa = PBXGroup;
			children = (
				61ECE8BA224D6AE200A9A806 /* Controller */,
			);
			path = Informations;
			sourceTree = "<group>";
		};
		61ECE8AA224D69CE00A9A806 /* Maps */ = {
			isa = PBXGroup;
			children = (
				61ECE8B9224D6ADF00A9A806 /* Controller */,
			);
			path = Maps;
			sourceTree = "<group>";
		};
		61ECE8AB224D69D600A9A806 /* Studies */ = {
			isa = PBXGroup;
			children = (
				61ECE8B8224D6ADB00A9A806 /* Controller */,
			);
			path = Studies;
			sourceTree = "<group>";
		};
		61ECE8AC224D69DD00A9A806 /* User */ = {
			isa = PBXGroup;
			children = (
				61ECE8B7224D6ABC00A9A806 /* Controller */,
			);
			name = User;
			path = "Użytkownik";
			sourceTree = "<group>";
		};
		61ECE8B7224D6ABC00A9A806 /* Controller */ = {
			isa = PBXGroup;
			children = (
				61ECE8AD224D6A7400A9A806 /* UserViewController.swift */,
			);
			path = Controller;
			sourceTree = "<group>";
		};
		61ECE8B8224D6ADB00A9A806 /* Controller */ = {
			isa = PBXGroup;
			children = (
				61ECE8AF224D6A8200A9A806 /* StudiesViewController.swift */,
			);
			path = Controller;
			sourceTree = "<group>";
		};
		61ECE8B9224D6ADF00A9A806 /* Controller */ = {
			isa = PBXGroup;
			children = (
				61ECE8B1224D6A9900A9A806 /* MapsViewController.swift */,
			);
			path = Controller;
			sourceTree = "<group>";
		};
		61ECE8BA224D6AE200A9A806 /* Controller */ = {
			isa = PBXGroup;
			children = (
				61ECE8B3224D6AAA00A9A806 /* InformationsViewController.swift */,
			);
			path = Controller;
			sourceTree = "<group>";
		};
		61ECE8BB224D6AE600A9A806 /* Controller */ = {
			isa = PBXGroup;
			children = (
				61ECE8B5224D6AB600A9A806 /* ForYouViewController.swift */,
			);
			path = Controller;
			sourceTree = "<group>";
		};
		C08FECE8D4AF6BDCAEAA9087 /* Pods */ = {
			isa = PBXGroup;
			children = (
				03112BCDD937195F7F665054 /* Pods-AGH Mobile.debug.xcconfig */,
				3A8133F53DCB3FBF2ECD7701 /* Pods-AGH Mobile.release.xcconfig */,
				D055B5334B7E17670374A273 /* Pods-AGH MobileTests.debug.xcconfig */,
				9DAF2A659C668A915AD4D8CA /* Pods-AGH MobileTests.release.xcconfig */,
				77F59FBE253B8BA7BCED5272 /* Pods-AGH MobileUITests.debug.xcconfig */,
				57B0E798F6F514B98BE09314 /* Pods-AGH MobileUITests.release.xcconfig */,
			);
			name = Pods;
			sourceTree = "<group>";
		};
/* End PBXGroup section */

/* Begin PBXNativeTarget section */
		61AD7C70224BDCF7008340B3 /* AGH Mobile */ = {
			isa = PBXNativeTarget;
			buildConfigurationList = 61AD7C99224BDCF8008340B3 /* Build configuration list for PBXNativeTarget "AGH Mobile" */;
			buildPhases = (
				DC28EA5BC9F2FD32587539BC /* [CP] Check Pods Manifest.lock */,
				61AD7C6D224BDCF7008340B3 /* Sources */,
				61AD7C6E224BDCF7008340B3 /* Frameworks */,
				61AD7C6F224BDCF7008340B3 /* Resources */,
				AC28DA5F9FF3139AB327955D /* [CP] Embed Pods Frameworks */,
			);
			buildRules = (
			);
			dependencies = (
			);
			name = "AGH Mobile";
			productName = "AGH Mobile";
			productReference = 61AD7C71224BDCF7008340B3 /* AGH Mobile.app */;
			productType = "com.apple.product-type.application";
		};
		61AD7C84224BDCF8008340B3 /* AGH MobileTests */ = {
			isa = PBXNativeTarget;
			buildConfigurationList = 61AD7C9C224BDCF8008340B3 /* Build configuration list for PBXNativeTarget "AGH MobileTests" */;
			buildPhases = (
				67D65DF53C0A8938739E86E9 /* [CP] Check Pods Manifest.lock */,
				61AD7C81224BDCF8008340B3 /* Sources */,
				61AD7C82224BDCF8008340B3 /* Frameworks */,
				61AD7C83224BDCF8008340B3 /* Resources */,
			);
			buildRules = (
			);
			dependencies = (
				61AD7C87224BDCF8008340B3 /* PBXTargetDependency */,
			);
			name = "AGH MobileTests";
			productName = "AGH MobileTests";
			productReference = 61AD7C85224BDCF8008340B3 /* AGH MobileTests.xctest */;
			productType = "com.apple.product-type.bundle.unit-test";
		};
		61AD7C8F224BDCF8008340B3 /* AGH MobileUITests */ = {
			isa = PBXNativeTarget;
			buildConfigurationList = 61AD7C9F224BDCF8008340B3 /* Build configuration list for PBXNativeTarget "AGH MobileUITests" */;
			buildPhases = (
				6907BFCA2CD6A4A9B40DB9E2 /* [CP] Check Pods Manifest.lock */,
				61AD7C8C224BDCF8008340B3 /* Sources */,
				61AD7C8D224BDCF8008340B3 /* Frameworks */,
				61AD7C8E224BDCF8008340B3 /* Resources */,
			);
			buildRules = (
			);
			dependencies = (
				61AD7C92224BDCF8008340B3 /* PBXTargetDependency */,
			);
			name = "AGH MobileUITests";
			productName = "AGH MobileUITests";
			productReference = 61AD7C90224BDCF8008340B3 /* AGH MobileUITests.xctest */;
			productType = "com.apple.product-type.bundle.ui-testing";
		};
/* End PBXNativeTarget section */

/* Begin PBXProject section */
		61AD7C69224BDCF7008340B3 /* Project object */ = {
			isa = PBXProject;
			attributes = {
				LastSwiftUpdateCheck = 1020;
				LastUpgradeCheck = 1020;
				ORGANIZATIONNAME = "AGH University of Science and Technology";
				TargetAttributes = {
					61AD7C70224BDCF7008340B3 = {
						CreatedOnToolsVersion = 10.2;
					};
					61AD7C84224BDCF8008340B3 = {
						CreatedOnToolsVersion = 10.2;
						TestTargetID = 61AD7C70224BDCF7008340B3;
					};
					61AD7C8F224BDCF8008340B3 = {
						CreatedOnToolsVersion = 10.2;
						TestTargetID = 61AD7C70224BDCF7008340B3;
					};
				};
			};
			buildConfigurationList = 61AD7C6C224BDCF7008340B3 /* Build configuration list for PBXProject "AGH Mobile" */;
			compatibilityVersion = "Xcode 9.3";
			developmentRegion = en;
			hasScannedForEncodings = 0;
			knownRegions = (
				en,
				Base,
			);
			mainGroup = 61AD7C68224BDCF7008340B3;
			productRefGroup = 61AD7C72224BDCF7008340B3 /* Products */;
			projectDirPath = "";
			projectRoot = "";
			targets = (
				61AD7C70224BDCF7008340B3 /* AGH Mobile */,
				61AD7C84224BDCF8008340B3 /* AGH MobileTests */,
				61AD7C8F224BDCF8008340B3 /* AGH MobileUITests */,
			);
		};
/* End PBXProject section */

/* Begin PBXResourcesBuildPhase section */
		61AD7C6F224BDCF7008340B3 /* Resources */ = {
			isa = PBXResourcesBuildPhase;
			buildActionMask = 2147483647;
			files = (
				61AD7C7C224BDCF7008340B3 /* Assets.xcassets in Resources */,
			);
			runOnlyForDeploymentPostprocessing = 0;
		};
		61AD7C83224BDCF8008340B3 /* Resources */ = {
			isa = PBXResourcesBuildPhase;
			buildActionMask = 2147483647;
			files = (
			);
			runOnlyForDeploymentPostprocessing = 0;
		};
		61AD7C8E224BDCF8008340B3 /* Resources */ = {
			isa = PBXResourcesBuildPhase;
			buildActionMask = 2147483647;
			files = (
			);
			runOnlyForDeploymentPostprocessing = 0;
		};
/* End PBXResourcesBuildPhase section */

/* Begin PBXShellScriptBuildPhase section */
		67D65DF53C0A8938739E86E9 /* [CP] Check Pods Manifest.lock */ = {
			isa = PBXShellScriptBuildPhase;
			buildActionMask = 2147483647;
			files = (
			);
			inputPaths = (
				"${PODS_PODFILE_DIR_PATH}/Podfile.lock",
				"${PODS_ROOT}/Manifest.lock",
			);
			name = "[CP] Check Pods Manifest.lock";
			outputPaths = (
				"$(DERIVED_FILE_DIR)/Pods-AGH MobileTests-checkManifestLockResult.txt",
			);
			runOnlyForDeploymentPostprocessing = 0;
			shellPath = /bin/sh;
			shellScript = "diff \"${PODS_PODFILE_DIR_PATH}/Podfile.lock\" \"${PODS_ROOT}/Manifest.lock\" > /dev/null\nif [ $? != 0 ] ; then\n    # print error to STDERR\n    echo \"error: The sandbox is not in sync with the Podfile.lock. Run 'pod install' or update your CocoaPods installation.\" >&2\n    exit 1\nfi\n# This output is used by Xcode 'outputs' to avoid re-running this script phase.\necho \"SUCCESS\" > \"${SCRIPT_OUTPUT_FILE_0}\"\n";
			showEnvVarsInLog = 0;
		};
		6907BFCA2CD6A4A9B40DB9E2 /* [CP] Check Pods Manifest.lock */ = {
			isa = PBXShellScriptBuildPhase;
			buildActionMask = 2147483647;
			files = (
			);
			inputPaths = (
				"${PODS_PODFILE_DIR_PATH}/Podfile.lock",
				"${PODS_ROOT}/Manifest.lock",
			);
			name = "[CP] Check Pods Manifest.lock";
			outputPaths = (
				"$(DERIVED_FILE_DIR)/Pods-AGH MobileUITests-checkManifestLockResult.txt",
			);
			runOnlyForDeploymentPostprocessing = 0;
			shellPath = /bin/sh;
			shellScript = "diff \"${PODS_PODFILE_DIR_PATH}/Podfile.lock\" \"${PODS_ROOT}/Manifest.lock\" > /dev/null\nif [ $? != 0 ] ; then\n    # print error to STDERR\n    echo \"error: The sandbox is not in sync with the Podfile.lock. Run 'pod install' or update your CocoaPods installation.\" >&2\n    exit 1\nfi\n# This output is used by Xcode 'outputs' to avoid re-running this script phase.\necho \"SUCCESS\" > \"${SCRIPT_OUTPUT_FILE_0}\"\n";
			showEnvVarsInLog = 0;
		};
		AC28DA5F9FF3139AB327955D /* [CP] Embed Pods Frameworks */ = {
			isa = PBXShellScriptBuildPhase;
			buildActionMask = 2147483647;
			files = (
			);
			inputPaths = (
				"${SRCROOT}/Pods/Target Support Files/Pods-AGH Mobile/Pods-AGH Mobile-frameworks.sh",
				"${BUILT_PRODUCTS_DIR}/Alamofire/Alamofire.framework",
				"${BUILT_PRODUCTS_DIR}/SwiftyJSON/SwiftyJSON.framework",
			);
			name = "[CP] Embed Pods Frameworks";
			outputPaths = (
				"${TARGET_BUILD_DIR}/${FRAMEWORKS_FOLDER_PATH}/Alamofire.framework",
				"${TARGET_BUILD_DIR}/${FRAMEWORKS_FOLDER_PATH}/SwiftyJSON.framework",
			);
			runOnlyForDeploymentPostprocessing = 0;
			shellPath = /bin/sh;
			shellScript = "\"${SRCROOT}/Pods/Target Support Files/Pods-AGH Mobile/Pods-AGH Mobile-frameworks.sh\"\n";
			showEnvVarsInLog = 0;
		};
		DC28EA5BC9F2FD32587539BC /* [CP] Check Pods Manifest.lock */ = {
			isa = PBXShellScriptBuildPhase;
			buildActionMask = 2147483647;
			files = (
			);
			inputPaths = (
				"${PODS_PODFILE_DIR_PATH}/Podfile.lock",
				"${PODS_ROOT}/Manifest.lock",
			);
			name = "[CP] Check Pods Manifest.lock";
			outputPaths = (
				"$(DERIVED_FILE_DIR)/Pods-AGH Mobile-checkManifestLockResult.txt",
			);
			runOnlyForDeploymentPostprocessing = 0;
			shellPath = /bin/sh;
			shellScript = "diff \"${PODS_PODFILE_DIR_PATH}/Podfile.lock\" \"${PODS_ROOT}/Manifest.lock\" > /dev/null\nif [ $? != 0 ] ; then\n    # print error to STDERR\n    echo \"error: The sandbox is not in sync with the Podfile.lock. Run 'pod install' or update your CocoaPods installation.\" >&2\n    exit 1\nfi\n# This output is used by Xcode 'outputs' to avoid re-running this script phase.\necho \"SUCCESS\" > \"${SCRIPT_OUTPUT_FILE_0}\"\n";
			showEnvVarsInLog = 0;
		};
/* End PBXShellScriptBuildPhase section */

/* Begin PBXSourcesBuildPhase section */
		61AD7C6D224BDCF7008340B3 /* Sources */ = {
			isa = PBXSourcesBuildPhase;
			buildActionMask = 2147483647;
			files = (
				61ECE8B4224D6AAA00A9A806 /* InformationsViewController.swift in Sources */,
				61ECE8B2224D6A9900A9A806 /* MapsViewController.swift in Sources */,
				61ECE8A4224D315B00A9A806 /* HomeTabBarController.swift in Sources */,
				61ECE8B6224D6AB600A9A806 /* ForYouViewController.swift in Sources */,
				61ECE8AE224D6A7400A9A806 /* UserViewController.swift in Sources */,
				61ECE8B0224D6A8200A9A806 /* StudiesViewController.swift in Sources */,
				61AD7C75224BDCF7008340B3 /* AppDelegate.swift in Sources */,
			);
			runOnlyForDeploymentPostprocessing = 0;
		};
		61AD7C81224BDCF8008340B3 /* Sources */ = {
			isa = PBXSourcesBuildPhase;
			buildActionMask = 2147483647;
			files = (
				61AD7C8A224BDCF8008340B3 /* AGH_MobileTests.swift in Sources */,
			);
			runOnlyForDeploymentPostprocessing = 0;
		};
		61AD7C8C224BDCF8008340B3 /* Sources */ = {
			isa = PBXSourcesBuildPhase;
			buildActionMask = 2147483647;
			files = (
				61AD7C95224BDCF8008340B3 /* AGH_MobileUITests.swift in Sources */,
			);
			runOnlyForDeploymentPostprocessing = 0;
		};
/* End PBXSourcesBuildPhase section */

/* Begin PBXTargetDependency section */
		61AD7C87224BDCF8008340B3 /* PBXTargetDependency */ = {
			isa = PBXTargetDependency;
			target = 61AD7C70224BDCF7008340B3 /* AGH Mobile */;
			targetProxy = 61AD7C86224BDCF8008340B3 /* PBXContainerItemProxy */;
		};
		61AD7C92224BDCF8008340B3 /* PBXTargetDependency */ = {
			isa = PBXTargetDependency;
			target = 61AD7C70224BDCF7008340B3 /* AGH Mobile */;
			targetProxy = 61AD7C91224BDCF8008340B3 /* PBXContainerItemProxy */;
		};
/* End PBXTargetDependency section */

/* Begin XCBuildConfiguration section */
		61AD7C97224BDCF8008340B3 /* Debug */ = {
			isa = XCBuildConfiguration;
			buildSettings = {
				ALWAYS_SEARCH_USER_PATHS = NO;
				CLANG_ANALYZER_NONNULL = YES;
				CLANG_ANALYZER_NUMBER_OBJECT_CONVERSION = YES_AGGRESSIVE;
				CLANG_CXX_LANGUAGE_STANDARD = "gnu++14";
				CLANG_CXX_LIBRARY = "libc++";
				CLANG_ENABLE_MODULES = YES;
				CLANG_ENABLE_OBJC_ARC = YES;
				CLANG_ENABLE_OBJC_WEAK = YES;
				CLANG_WARN_BLOCK_CAPTURE_AUTORELEASING = YES;
				CLANG_WARN_BOOL_CONVERSION = YES;
				CLANG_WARN_COMMA = YES;
				CLANG_WARN_CONSTANT_CONVERSION = YES;
				CLANG_WARN_DEPRECATED_OBJC_IMPLEMENTATIONS = YES;
				CLANG_WARN_DIRECT_OBJC_ISA_USAGE = YES_ERROR;
				CLANG_WARN_DOCUMENTATION_COMMENTS = YES;
				CLANG_WARN_EMPTY_BODY = YES;
				CLANG_WARN_ENUM_CONVERSION = YES;
				CLANG_WARN_INFINITE_RECURSION = YES;
				CLANG_WARN_INT_CONVERSION = YES;
				CLANG_WARN_NON_LITERAL_NULL_CONVERSION = YES;
				CLANG_WARN_OBJC_IMPLICIT_RETAIN_SELF = YES;
				CLANG_WARN_OBJC_LITERAL_CONVERSION = YES;
				CLANG_WARN_OBJC_ROOT_CLASS = YES_ERROR;
				CLANG_WARN_RANGE_LOOP_ANALYSIS = YES;
				CLANG_WARN_STRICT_PROTOTYPES = YES;
				CLANG_WARN_SUSPICIOUS_MOVE = YES;
				CLANG_WARN_UNGUARDED_AVAILABILITY = YES_AGGRESSIVE;
				CLANG_WARN_UNREACHABLE_CODE = YES;
				CLANG_WARN__DUPLICATE_METHOD_MATCH = YES;
				CODE_SIGN_IDENTITY = "iPhone Developer";
				COPY_PHASE_STRIP = NO;
				DEBUG_INFORMATION_FORMAT = dwarf;
				ENABLE_STRICT_OBJC_MSGSEND = YES;
				ENABLE_TESTABILITY = YES;
				GCC_C_LANGUAGE_STANDARD = gnu11;
				GCC_DYNAMIC_NO_PIC = NO;
				GCC_NO_COMMON_BLOCKS = YES;
				GCC_OPTIMIZATION_LEVEL = 0;
				GCC_PREPROCESSOR_DEFINITIONS = (
					"DEBUG=1",
					"$(inherited)",
				);
				GCC_WARN_64_TO_32_BIT_CONVERSION = YES;
				GCC_WARN_ABOUT_RETURN_TYPE = YES_ERROR;
				GCC_WARN_UNDECLARED_SELECTOR = YES;
				GCC_WARN_UNINITIALIZED_AUTOS = YES_AGGRESSIVE;
				GCC_WARN_UNUSED_FUNCTION = YES;
				GCC_WARN_UNUSED_VARIABLE = YES;
				IPHONEOS_DEPLOYMENT_TARGET = 12.2;
				MTL_ENABLE_DEBUG_INFO = INCLUDE_SOURCE;
				MTL_FAST_MATH = YES;
				ONLY_ACTIVE_ARCH = YES;
				SDKROOT = iphoneos;
				SWIFT_ACTIVE_COMPILATION_CONDITIONS = DEBUG;
				SWIFT_OPTIMIZATION_LEVEL = "-Onone";
			};
			name = Debug;
		};
		61AD7C98224BDCF8008340B3 /* Release */ = {
			isa = XCBuildConfiguration;
			buildSettings = {
				ALWAYS_SEARCH_USER_PATHS = NO;
				CLANG_ANALYZER_NONNULL = YES;
				CLANG_ANALYZER_NUMBER_OBJECT_CONVERSION = YES_AGGRESSIVE;
				CLANG_CXX_LANGUAGE_STANDARD = "gnu++14";
				CLANG_CXX_LIBRARY = "libc++";
				CLANG_ENABLE_MODULES = YES;
				CLANG_ENABLE_OBJC_ARC = YES;
				CLANG_ENABLE_OBJC_WEAK = YES;
				CLANG_WARN_BLOCK_CAPTURE_AUTORELEASING = YES;
				CLANG_WARN_BOOL_CONVERSION = YES;
				CLANG_WARN_COMMA = YES;
				CLANG_WARN_CONSTANT_CONVERSION = YES;
				CLANG_WARN_DEPRECATED_OBJC_IMPLEMENTATIONS = YES;
				CLANG_WARN_DIRECT_OBJC_ISA_USAGE = YES_ERROR;
				CLANG_WARN_DOCUMENTATION_COMMENTS = YES;
				CLANG_WARN_EMPTY_BODY = YES;
				CLANG_WARN_ENUM_CONVERSION = YES;
				CLANG_WARN_INFINITE_RECURSION = YES;
				CLANG_WARN_INT_CONVERSION = YES;
				CLANG_WARN_NON_LITERAL_NULL_CONVERSION = YES;
				CLANG_WARN_OBJC_IMPLICIT_RETAIN_SELF = YES;
				CLANG_WARN_OBJC_LITERAL_CONVERSION = YES;
				CLANG_WARN_OBJC_ROOT_CLASS = YES_ERROR;
				CLANG_WARN_RANGE_LOOP_ANALYSIS = YES;
				CLANG_WARN_STRICT_PROTOTYPES = YES;
				CLANG_WARN_SUSPICIOUS_MOVE = YES;
				CLANG_WARN_UNGUARDED_AVAILABILITY = YES_AGGRESSIVE;
				CLANG_WARN_UNREACHABLE_CODE = YES;
				CLANG_WARN__DUPLICATE_METHOD_MATCH = YES;
				CODE_SIGN_IDENTITY = "iPhone Developer";
				COPY_PHASE_STRIP = NO;
				DEBUG_INFORMATION_FORMAT = "dwarf-with-dsym";
				ENABLE_NS_ASSERTIONS = NO;
				ENABLE_STRICT_OBJC_MSGSEND = YES;
				GCC_C_LANGUAGE_STANDARD = gnu11;
				GCC_NO_COMMON_BLOCKS = YES;
				GCC_WARN_64_TO_32_BIT_CONVERSION = YES;
				GCC_WARN_ABOUT_RETURN_TYPE = YES_ERROR;
				GCC_WARN_UNDECLARED_SELECTOR = YES;
				GCC_WARN_UNINITIALIZED_AUTOS = YES_AGGRESSIVE;
				GCC_WARN_UNUSED_FUNCTION = YES;
				GCC_WARN_UNUSED_VARIABLE = YES;
				IPHONEOS_DEPLOYMENT_TARGET = 12.2;
				MTL_ENABLE_DEBUG_INFO = NO;
				MTL_FAST_MATH = YES;
				SDKROOT = iphoneos;
				SWIFT_COMPILATION_MODE = wholemodule;
				SWIFT_OPTIMIZATION_LEVEL = "-O";
				VALIDATE_PRODUCT = YES;
			};
			name = Release;
		};
		61AD7C9A224BDCF8008340B3 /* Debug */ = {
			isa = XCBuildConfiguration;
			baseConfigurationReference = 03112BCDD937195F7F665054 /* Pods-AGH Mobile.debug.xcconfig */;
			buildSettings = {
				ASSETCATALOG_COMPILER_APPICON_NAME = AppIcon;
				CODE_SIGN_STYLE = Automatic;
				DEVELOPMENT_TEAM = 9RSVCT9A9H;
				INFOPLIST_FILE = "$(SRCROOT)/AGH Mobile/Resources/Info.plist";
				LD_RUNPATH_SEARCH_PATHS = (
					"$(inherited)",
					"@executable_path/Frameworks",
				);
				PRODUCT_BUNDLE_IDENTIFIER = "pl.edu.agh.mackn.AGH-Mobile";
				PRODUCT_NAME = "$(TARGET_NAME)";
				SWIFT_VERSION = 5.0;
				TARGETED_DEVICE_FAMILY = 1;
			};
			name = Debug;
		};
		61AD7C9B224BDCF8008340B3 /* Release */ = {
			isa = XCBuildConfiguration;
			baseConfigurationReference = 3A8133F53DCB3FBF2ECD7701 /* Pods-AGH Mobile.release.xcconfig */;
			buildSettings = {
				ASSETCATALOG_COMPILER_APPICON_NAME = AppIcon;
				CODE_SIGN_STYLE = Automatic;
				DEVELOPMENT_TEAM = 9RSVCT9A9H;
				INFOPLIST_FILE = "$(SRCROOT)/AGH Mobile/Resources/Info.plist";
				LD_RUNPATH_SEARCH_PATHS = (
					"$(inherited)",
					"@executable_path/Frameworks",
				);
				PRODUCT_BUNDLE_IDENTIFIER = "pl.edu.agh.mackn.AGH-Mobile";
				PRODUCT_NAME = "$(TARGET_NAME)";
				SWIFT_VERSION = 5.0;
				TARGETED_DEVICE_FAMILY = 1;
			};
			name = Release;
		};
		61AD7C9D224BDCF8008340B3 /* Debug */ = {
			isa = XCBuildConfiguration;
			baseConfigurationReference = D055B5334B7E17670374A273 /* Pods-AGH MobileTests.debug.xcconfig */;
			buildSettings = {
				ALWAYS_EMBED_SWIFT_STANDARD_LIBRARIES = YES;
				BUNDLE_LOADER = "$(TEST_HOST)";
				CODE_SIGN_STYLE = Automatic;
				INFOPLIST_FILE = "AGH MobileTests/Info.plist";
				LD_RUNPATH_SEARCH_PATHS = (
					"$(inherited)",
					"@executable_path/Frameworks",
					"@loader_path/Frameworks",
				);
				PRODUCT_BUNDLE_IDENTIFIER = "pl.mackn.agh.edu.AGH-MobileTests";
				PRODUCT_NAME = "$(TARGET_NAME)";
				SWIFT_VERSION = 5.0;
				TARGETED_DEVICE_FAMILY = "1,2";
				TEST_HOST = "$(BUILT_PRODUCTS_DIR)/AGH Mobile.app/AGH Mobile";
			};
			name = Debug;
		};
		61AD7C9E224BDCF8008340B3 /* Release */ = {
			isa = XCBuildConfiguration;
			baseConfigurationReference = 9DAF2A659C668A915AD4D8CA /* Pods-AGH MobileTests.release.xcconfig */;
			buildSettings = {
				ALWAYS_EMBED_SWIFT_STANDARD_LIBRARIES = YES;
				BUNDLE_LOADER = "$(TEST_HOST)";
				CODE_SIGN_STYLE = Automatic;
				INFOPLIST_FILE = "AGH MobileTests/Info.plist";
				LD_RUNPATH_SEARCH_PATHS = (
					"$(inherited)",
					"@executable_path/Frameworks",
					"@loader_path/Frameworks",
				);
				PRODUCT_BUNDLE_IDENTIFIER = "pl.mackn.agh.edu.AGH-MobileTests";
				PRODUCT_NAME = "$(TARGET_NAME)";
				SWIFT_VERSION = 5.0;
				TARGETED_DEVICE_FAMILY = "1,2";
				TEST_HOST = "$(BUILT_PRODUCTS_DIR)/AGH Mobile.app/AGH Mobile";
			};
			name = Release;
		};
		61AD7CA0224BDCF8008340B3 /* Debug */ = {
			isa = XCBuildConfiguration;
			baseConfigurationReference = 77F59FBE253B8BA7BCED5272 /* Pods-AGH MobileUITests.debug.xcconfig */;
			buildSettings = {
				ALWAYS_EMBED_SWIFT_STANDARD_LIBRARIES = YES;
				CODE_SIGN_STYLE = Automatic;
				INFOPLIST_FILE = "AGH MobileUITests/Info.plist";
				LD_RUNPATH_SEARCH_PATHS = (
					"$(inherited)",
					"@executable_path/Frameworks",
					"@loader_path/Frameworks",
				);
				PRODUCT_BUNDLE_IDENTIFIER = "pl.mackn.agh.edu.AGH-MobileUITests";
				PRODUCT_NAME = "$(TARGET_NAME)";
				SWIFT_VERSION = 5.0;
				TARGETED_DEVICE_FAMILY = "1,2";
				TEST_TARGET_NAME = "AGH Mobile";
			};
			name = Debug;
		};
		61AD7CA1224BDCF8008340B3 /* Release */ = {
			isa = XCBuildConfiguration;
			baseConfigurationReference = 57B0E798F6F514B98BE09314 /* Pods-AGH MobileUITests.release.xcconfig */;
			buildSettings = {
				ALWAYS_EMBED_SWIFT_STANDARD_LIBRARIES = YES;
				CODE_SIGN_STYLE = Automatic;
				INFOPLIST_FILE = "AGH MobileUITests/Info.plist";
				LD_RUNPATH_SEARCH_PATHS = (
					"$(inherited)",
					"@executable_path/Frameworks",
					"@loader_path/Frameworks",
				);
				PRODUCT_BUNDLE_IDENTIFIER = "pl.mackn.agh.edu.AGH-MobileUITests";
				PRODUCT_NAME = "$(TARGET_NAME)";
				SWIFT_VERSION = 5.0;
				TARGETED_DEVICE_FAMILY = "1,2";
				TEST_TARGET_NAME = "AGH Mobile";
			};
			name = Release;
		};
/* End XCBuildConfiguration section */

/* Begin XCConfigurationList section */
		61AD7C6C224BDCF7008340B3 /* Build configuration list for PBXProject "AGH Mobile" */ = {
			isa = XCConfigurationList;
			buildConfigurations = (
				61AD7C97224BDCF8008340B3 /* Debug */,
				61AD7C98224BDCF8008340B3 /* Release */,
			);
			defaultConfigurationIsVisible = 0;
			defaultConfigurationName = Release;
		};
		61AD7C99224BDCF8008340B3 /* Build configuration list for PBXNativeTarget "AGH Mobile" */ = {
			isa = XCConfigurationList;
			buildConfigurations = (
				61AD7C9A224BDCF8008340B3 /* Debug */,
				61AD7C9B224BDCF8008340B3 /* Release */,
			);
			defaultConfigurationIsVisible = 0;
			defaultConfigurationName = Release;
		};
		61AD7C9C224BDCF8008340B3 /* Build configuration list for PBXNativeTarget "AGH MobileTests" */ = {
			isa = XCConfigurationList;
			buildConfigurations = (
				61AD7C9D224BDCF8008340B3 /* Debug */,
				61AD7C9E224BDCF8008340B3 /* Release */,
			);
			defaultConfigurationIsVisible = 0;
			defaultConfigurationName = Release;
		};
		61AD7C9F224BDCF8008340B3 /* Build configuration list for PBXNativeTarget "AGH MobileUITests" */ = {
			isa = XCConfigurationList;
			buildConfigurations = (
				61AD7CA0224BDCF8008340B3 /* Debug */,
				61AD7CA1224BDCF8008340B3 /* Release */,
			);
			defaultConfigurationIsVisible = 0;
			defaultConfigurationName = Release;
		};
/* End XCConfigurationList section */
	};
	rootObject = 61AD7C69224BDCF7008340B3 /* Project object */;
}
