// !$*UTF8*$!
{
	archiveVersion = 1;
	classes = {
	};
	objectVersion = 48;
	objects = {

/* Begin PBXBuildFile section */
		2DCDC5B8F7237143999626A0 /* Pods_AGH_Mobile.framework in Frameworks */ = {isa = PBXBuildFile; fileRef = 26240041D251BCFC11F8D90D /* Pods_AGH_Mobile.framework */; };
		BFC9CDEA1FCDA7160023E23E /* WDViewController.swift in Sources */ = {isa = PBXBuildFile; fileRef = BFC9CDE91FCDA7160023E23E /* WDViewController.swift */; };
		DC2E206F1FB4C917005E07AC /* AGH_MobileError.swift in Sources */ = {isa = PBXBuildFile; fileRef = DC2E206E1FB4C917005E07AC /* AGH_MobileError.swift */; };
		DC44B1411FB4B37B00F8CC14 /* SKOSPhoneTableViewCell.swift in Sources */ = {isa = PBXBuildFile; fileRef = DC44B10F1FB4B37800F8CC14 /* SKOSPhoneTableViewCell.swift */; };
		DC44B14C1FB4B37B00F8CC14 /* SKOSTableViewCell.swift in Sources */ = {isa = PBXBuildFile; fileRef = DC44B11C1FB4B37800F8CC14 /* SKOSTableViewCell.swift */; };
		DC44B1611FB4B43900F8CC14 /* SKOSMailTableViewCell.swift in Sources */ = {isa = PBXBuildFile; fileRef = DC44B15F1FB4B43900F8CC14 /* SKOSMailTableViewCell.swift */; };
		DC44B1621FB4B43900F8CC14 /* SKOSDepartmentTableViewCell.swift in Sources */ = {isa = PBXBuildFile; fileRef = DC44B1601FB4B43900F8CC14 /* SKOSDepartmentTableViewCell.swift */; };
		DC4B9E89204F1A0200AC451F /* SKOSv2.swift in Sources */ = {isa = PBXBuildFile; fileRef = DC4B9E84204F1A0200AC451F /* SKOSv2.swift */; };
		DC4B9E8A204F1A0200AC451F /* SKOSEMployee.swift in Sources */ = {isa = PBXBuildFile; fileRef = DC4B9E85204F1A0200AC451F /* SKOSEMployee.swift */; };
		DC4B9E8B204F1A0200AC451F /* SKOS.swift in Sources */ = {isa = PBXBuildFile; fileRef = DC4B9E86204F1A0200AC451F /* SKOS.swift */; };
		DC4B9E8C204F1A0200AC451F /* SKOSEmployeeDetailsViewController.swift in Sources */ = {isa = PBXBuildFile; fileRef = DC4B9E87204F1A0200AC451F /* SKOSEmployeeDetailsViewController.swift */; };
		DC4B9E8D204F1A0200AC451F /* AlphabetViewController.swift in Sources */ = {isa = PBXBuildFile; fileRef = DC4B9E88204F1A0200AC451F /* AlphabetViewController.swift */; };
		DC4D86771FB3678C00BCA567 /* DegreeTableViewDataSource.swift in Sources */ = {isa = PBXBuildFile; fileRef = DC4D86681FB3678C00BCA567 /* DegreeTableViewDataSource.swift */; };
		DC4D86781FB3678C00BCA567 /* DegreeListViewController.swift in Sources */ = {isa = PBXBuildFile; fileRef = DC4D86691FB3678C00BCA567 /* DegreeListViewController.swift */; };
		DC4D86791FB3678C00BCA567 /* ModuleTableViewDataSource.swift in Sources */ = {isa = PBXBuildFile; fileRef = DC4D866A1FB3678C00BCA567 /* ModuleTableViewDataSource.swift */; };
		DC4D867A1FB3678C00BCA567 /* DepartmentTableViewDataSource.swift in Sources */ = {isa = PBXBuildFile; fileRef = DC4D866B1FB3678C00BCA567 /* DepartmentTableViewDataSource.swift */; };
		DC4D867B1FB3678C00BCA567 /* DepartmentListViewController.swift in Sources */ = {isa = PBXBuildFile; fileRef = DC4D866C1FB3678C00BCA567 /* DepartmentListViewController.swift */; };
		DC4D867C1FB3678C00BCA567 /* SyllabusViewController.swift in Sources */ = {isa = PBXBuildFile; fileRef = DC4D866D1FB3678C00BCA567 /* SyllabusViewController.swift */; };
		DC4D867D1FB3678C00BCA567 /* UniversityTeacher.swift in Sources */ = {isa = PBXBuildFile; fileRef = DC4D866E1FB3678C00BCA567 /* UniversityTeacher.swift */; };
		DC4D867E1FB3678C00BCA567 /* Degree.swift in Sources */ = {isa = PBXBuildFile; fileRef = DC4D866F1FB3678C00BCA567 /* Degree.swift */; };
		DC4D867F1FB3678C00BCA567 /* SyllabusDataSource.swift in Sources */ = {isa = PBXBuildFile; fileRef = DC4D86701FB3678C00BCA567 /* SyllabusDataSource.swift */; };
		DC4D86801FB3678C00BCA567 /* ModuleDetailsViewController.swift in Sources */ = {isa = PBXBuildFile; fileRef = DC4D86711FB3678C00BCA567 /* ModuleDetailsViewController.swift */; };
		DC4D86811FB3678C00BCA567 /* Department.swift in Sources */ = {isa = PBXBuildFile; fileRef = DC4D86721FB3678C00BCA567 /* Department.swift */; };
		DC4D86821FB3678C00BCA567 /* ModuleActivity.swift in Sources */ = {isa = PBXBuildFile; fileRef = DC4D86731FB3678C00BCA567 /* ModuleActivity.swift */; };
		DC4D86831FB3678C00BCA567 /* SyllabusViewControllerProtocol.swift in Sources */ = {isa = PBXBuildFile; fileRef = DC4D86741FB3678C00BCA567 /* SyllabusViewControllerProtocol.swift */; };
		DC4D86841FB3678C00BCA567 /* Module.swift in Sources */ = {isa = PBXBuildFile; fileRef = DC4D86751FB3678C00BCA567 /* Module.swift */; };
		DC4D86851FB3678C00BCA567 /* ModuleViewController.swift in Sources */ = {isa = PBXBuildFile; fileRef = DC4D86761FB3678C00BCA567 /* ModuleViewController.swift */; };
		DC73E0C921147C7E00509D15 /* Maps.storyboard in Resources */ = {isa = PBXBuildFile; fileRef = DC73E0C721147C7E00509D15 /* Maps.storyboard */; };
		DC73E0D221147D4C00509D15 /* Spot.swift in Sources */ = {isa = PBXBuildFile; fileRef = DC73E0CB21147D4C00509D15 /* Spot.swift */; };
		DC73E0D321147D4C00509D15 /* SpotDataSource.swift in Sources */ = {isa = PBXBuildFile; fileRef = DC73E0CC21147D4C00509D15 /* SpotDataSource.swift */; };
		DC73E0D421147D4C00509D15 /* MapViewController.swift in Sources */ = {isa = PBXBuildFile; fileRef = DC73E0CD21147D4C00509D15 /* MapViewController.swift */; };
		DC73E0D521147D4C00509D15 /* SpotCollectionViewCell.swift in Sources */ = {isa = PBXBuildFile; fileRef = DC73E0CE21147D4C00509D15 /* SpotCollectionViewCell.swift */; };
		DC73E0D621147D4C00509D15 /* SpotsListTableViewCell.swift in Sources */ = {isa = PBXBuildFile; fileRef = DC73E0CF21147D4C00509D15 /* SpotsListTableViewCell.swift */; };
		DC73E0D721147D4C00509D15 /* SpotCollectionViewController.swift in Sources */ = {isa = PBXBuildFile; fileRef = DC73E0D021147D4C00509D15 /* SpotCollectionViewController.swift */; };
		DC73E0D821147D4C00509D15 /* SpotsListTableViewController.swift in Sources */ = {isa = PBXBuildFile; fileRef = DC73E0D121147D4C00509D15 /* SpotsListTableViewController.swift */; };
		DCACED851FB3266A00239088 /* AppDelegate.swift in Sources */ = {isa = PBXBuildFile; fileRef = DCACED841FB3266A00239088 /* AppDelegate.swift */; };
		DCACED871FB3266B00239088 /* ViewController.swift in Sources */ = {isa = PBXBuildFile; fileRef = DCACED861FB3266B00239088 /* ViewController.swift */; };
		DCACED8A1FB3266B00239088 /* Main.storyboard in Resources */ = {isa = PBXBuildFile; fileRef = DCACED881FB3266B00239088 /* Main.storyboard */; };
		DCACED8C1FB3266B00239088 /* Assets.xcassets in Resources */ = {isa = PBXBuildFile; fileRef = DCACED8B1FB3266B00239088 /* Assets.xcassets */; };
		DCACED8F1FB3266B00239088 /* LaunchScreen.storyboard in Resources */ = {isa = PBXBuildFile; fileRef = DCACED8D1FB3266B00239088 /* LaunchScreen.storyboard */; };
		DF5DB0D0204BF16200BC81EE /* AlphabetTableViewController.swift in Sources */ = {isa = PBXBuildFile; fileRef = DF5DB0CF204BF16200BC81EE /* AlphabetTableViewController.swift */; };
/* End PBXBuildFile section */

/* Begin PBXFileReference section */
		26240041D251BCFC11F8D90D /* Pods_AGH_Mobile.framework */ = {isa = PBXFileReference; explicitFileType = wrapper.framework; includeInIndex = 0; path = Pods_AGH_Mobile.framework; sourceTree = BUILT_PRODUCTS_DIR; };
		7D91C1E49199987E51162C55 /* Pods-AGH_Mobile.release.xcconfig */ = {isa = PBXFileReference; includeInIndex = 1; lastKnownFileType = text.xcconfig; name = "Pods-AGH_Mobile.release.xcconfig"; path = "Pods/Target Support Files/Pods-AGH_Mobile/Pods-AGH_Mobile.release.xcconfig"; sourceTree = "<group>"; };
		994F4FACF6F0C70B3F841AFC /* Pods-AGH_Mobile.debug.xcconfig */ = {isa = PBXFileReference; includeInIndex = 1; lastKnownFileType = text.xcconfig; name = "Pods-AGH_Mobile.debug.xcconfig"; path = "Pods/Target Support Files/Pods-AGH_Mobile/Pods-AGH_Mobile.debug.xcconfig"; sourceTree = "<group>"; };
		BFC9CDE91FCDA7160023E23E /* WDViewController.swift */ = {isa = PBXFileReference; lastKnownFileType = sourcecode.swift; path = WDViewController.swift; sourceTree = "<group>"; };
		DC2E206D1FB4C83D005E07AC /* AGH-Mobile-Swift.h */ = {isa = PBXFileReference; lastKnownFileType = sourcecode.c.h; name = "AGH-Mobile-Swift.h"; path = "AGH_Mobile/AGH-Mobile-Swift.h"; sourceTree = SOURCE_ROOT; };
		DC2E206E1FB4C917005E07AC /* AGH_MobileError.swift */ = {isa = PBXFileReference; fileEncoding = 4; lastKnownFileType = sourcecode.swift; path = AGH_MobileError.swift; sourceTree = "<group>"; };
		DC44B10F1FB4B37800F8CC14 /* SKOSPhoneTableViewCell.swift */ = {isa = PBXFileReference; fileEncoding = 4; lastKnownFileType = sourcecode.swift; path = SKOSPhoneTableViewCell.swift; sourceTree = "<group>"; };
		DC44B11C1FB4B37800F8CC14 /* SKOSTableViewCell.swift */ = {isa = PBXFileReference; fileEncoding = 4; lastKnownFileType = sourcecode.swift; path = SKOSTableViewCell.swift; sourceTree = "<group>"; };
		DC44B15F1FB4B43900F8CC14 /* SKOSMailTableViewCell.swift */ = {isa = PBXFileReference; fileEncoding = 4; lastKnownFileType = sourcecode.swift; path = SKOSMailTableViewCell.swift; sourceTree = "<group>"; };
		DC44B1601FB4B43900F8CC14 /* SKOSDepartmentTableViewCell.swift */ = {isa = PBXFileReference; fileEncoding = 4; lastKnownFileType = sourcecode.swift; path = SKOSDepartmentTableViewCell.swift; sourceTree = "<group>"; };
		DC4B9E84204F1A0200AC451F /* SKOSv2.swift */ = {isa = PBXFileReference; fileEncoding = 4; lastKnownFileType = sourcecode.swift; path = SKOSv2.swift; sourceTree = "<group>"; };
		DC4B9E85204F1A0200AC451F /* SKOSEMployee.swift */ = {isa = PBXFileReference; fileEncoding = 4; lastKnownFileType = sourcecode.swift; path = SKOSEMployee.swift; sourceTree = "<group>"; };
		DC4B9E86204F1A0200AC451F /* SKOS.swift */ = {isa = PBXFileReference; fileEncoding = 4; lastKnownFileType = sourcecode.swift; path = SKOS.swift; sourceTree = "<group>"; };
		DC4B9E87204F1A0200AC451F /* SKOSEmployeeDetailsViewController.swift */ = {isa = PBXFileReference; fileEncoding = 4; lastKnownFileType = sourcecode.swift; path = SKOSEmployeeDetailsViewController.swift; sourceTree = "<group>"; };
		DC4B9E88204F1A0200AC451F /* AlphabetViewController.swift */ = {isa = PBXFileReference; fileEncoding = 4; lastKnownFileType = sourcecode.swift; path = AlphabetViewController.swift; sourceTree = "<group>"; };
		DC4D86681FB3678C00BCA567 /* DegreeTableViewDataSource.swift */ = {isa = PBXFileReference; fileEncoding = 4; lastKnownFileType = sourcecode.swift; path = DegreeTableViewDataSource.swift; sourceTree = "<group>"; };
		DC4D86691FB3678C00BCA567 /* DegreeListViewController.swift */ = {isa = PBXFileReference; fileEncoding = 4; lastKnownFileType = sourcecode.swift; path = DegreeListViewController.swift; sourceTree = "<group>"; };
		DC4D866A1FB3678C00BCA567 /* ModuleTableViewDataSource.swift */ = {isa = PBXFileReference; fileEncoding = 4; lastKnownFileType = sourcecode.swift; path = ModuleTableViewDataSource.swift; sourceTree = "<group>"; };
		DC4D866B1FB3678C00BCA567 /* DepartmentTableViewDataSource.swift */ = {isa = PBXFileReference; fileEncoding = 4; lastKnownFileType = sourcecode.swift; path = DepartmentTableViewDataSource.swift; sourceTree = "<group>"; };
		DC4D866C1FB3678C00BCA567 /* DepartmentListViewController.swift */ = {isa = PBXFileReference; fileEncoding = 4; lastKnownFileType = sourcecode.swift; path = DepartmentListViewController.swift; sourceTree = "<group>"; };
		DC4D866D1FB3678C00BCA567 /* SyllabusViewController.swift */ = {isa = PBXFileReference; fileEncoding = 4; lastKnownFileType = sourcecode.swift; path = SyllabusViewController.swift; sourceTree = "<group>"; };
		DC4D866E1FB3678C00BCA567 /* UniversityTeacher.swift */ = {isa = PBXFileReference; fileEncoding = 4; lastKnownFileType = sourcecode.swift; path = UniversityTeacher.swift; sourceTree = "<group>"; };
		DC4D866F1FB3678C00BCA567 /* Degree.swift */ = {isa = PBXFileReference; fileEncoding = 4; lastKnownFileType = sourcecode.swift; path = Degree.swift; sourceTree = "<group>"; };
		DC4D86701FB3678C00BCA567 /* SyllabusDataSource.swift */ = {isa = PBXFileReference; fileEncoding = 4; lastKnownFileType = sourcecode.swift; path = SyllabusDataSource.swift; sourceTree = "<group>"; };
		DC4D86711FB3678C00BCA567 /* ModuleDetailsViewController.swift */ = {isa = PBXFileReference; fileEncoding = 4; lastKnownFileType = sourcecode.swift; path = ModuleDetailsViewController.swift; sourceTree = "<group>"; };
		DC4D86721FB3678C00BCA567 /* Department.swift */ = {isa = PBXFileReference; fileEncoding = 4; lastKnownFileType = sourcecode.swift; path = Department.swift; sourceTree = "<group>"; };
		DC4D86731FB3678C00BCA567 /* ModuleActivity.swift */ = {isa = PBXFileReference; fileEncoding = 4; lastKnownFileType = sourcecode.swift; path = ModuleActivity.swift; sourceTree = "<group>"; };
		DC4D86741FB3678C00BCA567 /* SyllabusViewControllerProtocol.swift */ = {isa = PBXFileReference; fileEncoding = 4; lastKnownFileType = sourcecode.swift; path = SyllabusViewControllerProtocol.swift; sourceTree = "<group>"; };
		DC4D86751FB3678C00BCA567 /* Module.swift */ = {isa = PBXFileReference; fileEncoding = 4; lastKnownFileType = sourcecode.swift; path = Module.swift; sourceTree = "<group>"; };
		DC4D86761FB3678C00BCA567 /* ModuleViewController.swift */ = {isa = PBXFileReference; fileEncoding = 4; lastKnownFileType = sourcecode.swift; path = ModuleViewController.swift; sourceTree = "<group>"; };
		DC73E0C821147C7E00509D15 /* Base */ = {isa = PBXFileReference; lastKnownFileType = file.storyboard; name = Base; path = Base.lproj/Maps.storyboard; sourceTree = "<group>"; };
		DC73E0CB21147D4C00509D15 /* Spot.swift */ = {isa = PBXFileReference; fileEncoding = 4; lastKnownFileType = sourcecode.swift; path = Spot.swift; sourceTree = "<group>"; };
		DC73E0CC21147D4C00509D15 /* SpotDataSource.swift */ = {isa = PBXFileReference; fileEncoding = 4; lastKnownFileType = sourcecode.swift; path = SpotDataSource.swift; sourceTree = "<group>"; };
		DC73E0CD21147D4C00509D15 /* MapViewController.swift */ = {isa = PBXFileReference; fileEncoding = 4; lastKnownFileType = sourcecode.swift; path = MapViewController.swift; sourceTree = "<group>"; };
		DC73E0CE21147D4C00509D15 /* SpotCollectionViewCell.swift */ = {isa = PBXFileReference; fileEncoding = 4; lastKnownFileType = sourcecode.swift; path = SpotCollectionViewCell.swift; sourceTree = "<group>"; };
		DC73E0CF21147D4C00509D15 /* SpotsListTableViewCell.swift */ = {isa = PBXFileReference; fileEncoding = 4; lastKnownFileType = sourcecode.swift; path = SpotsListTableViewCell.swift; sourceTree = "<group>"; };
		DC73E0D021147D4C00509D15 /* SpotCollectionViewController.swift */ = {isa = PBXFileReference; fileEncoding = 4; lastKnownFileType = sourcecode.swift; path = SpotCollectionViewController.swift; sourceTree = "<group>"; };
		DC73E0D121147D4C00509D15 /* SpotsListTableViewController.swift */ = {isa = PBXFileReference; fileEncoding = 4; lastKnownFileType = sourcecode.swift; path = SpotsListTableViewController.swift; sourceTree = "<group>"; };
		DCACED811FB3266A00239088 /* AGH_Mobile.app */ = {isa = PBXFileReference; explicitFileType = wrapper.application; includeInIndex = 0; path = AGH_Mobile.app; sourceTree = BUILT_PRODUCTS_DIR; };
		DCACED841FB3266A00239088 /* AppDelegate.swift */ = {isa = PBXFileReference; lastKnownFileType = sourcecode.swift; path = AppDelegate.swift; sourceTree = "<group>"; };
		DCACED861FB3266B00239088 /* ViewController.swift */ = {isa = PBXFileReference; lastKnownFileType = sourcecode.swift; path = ViewController.swift; sourceTree = "<group>"; };
		DCACED891FB3266B00239088 /* Base */ = {isa = PBXFileReference; lastKnownFileType = file.storyboard; name = Base; path = Base.lproj/Main.storyboard; sourceTree = "<group>"; };
		DCACED8B1FB3266B00239088 /* Assets.xcassets */ = {isa = PBXFileReference; lastKnownFileType = folder.assetcatalog; path = Assets.xcassets; sourceTree = "<group>"; };
		DCACED8E1FB3266B00239088 /* Base */ = {isa = PBXFileReference; lastKnownFileType = file.storyboard; name = Base; path = Base.lproj/LaunchScreen.storyboard; sourceTree = "<group>"; };
		DCACED901FB3266B00239088 /* Info.plist */ = {isa = PBXFileReference; lastKnownFileType = text.plist.xml; path = Info.plist; sourceTree = "<group>"; };
		DF5DB0CF204BF16200BC81EE /* AlphabetTableViewController.swift */ = {isa = PBXFileReference; lastKnownFileType = sourcecode.swift; path = AlphabetTableViewController.swift; sourceTree = "<group>"; };
/* End PBXFileReference section */

/* Begin PBXFrameworksBuildPhase section */
		DCACED7E1FB3266A00239088 /* Frameworks */ = {
			isa = PBXFrameworksBuildPhase;
			buildActionMask = 2147483647;
			files = (
				2DCDC5B8F7237143999626A0 /* Pods_AGH_Mobile.framework in Frameworks */,
			);
			runOnlyForDeploymentPostprocessing = 0;
		};
/* End PBXFrameworksBuildPhase section */

/* Begin PBXGroup section */
		3109B3880A6B08CF15BE699B /* Frameworks */ = {
			isa = PBXGroup;
			children = (
				26240041D251BCFC11F8D90D /* Pods_AGH_Mobile.framework */,
			);
			name = Frameworks;
			sourceTree = "<group>";
		};
		6C85ECBAC3B24E37E8F8501E /* Pods */ = {
			isa = PBXGroup;
			children = (
				994F4FACF6F0C70B3F841AFC /* Pods-AGH_Mobile.debug.xcconfig */,
				7D91C1E49199987E51162C55 /* Pods-AGH_Mobile.release.xcconfig */,
			);
			name = Pods;
			sourceTree = "<group>";
		};
		BFC9CDE81FCDA6EE0023E23E /* WD */ = {
			isa = PBXGroup;
			children = (
				BFC9CDE91FCDA7160023E23E /* WDViewController.swift */,
			);
			path = WD;
			sourceTree = "<group>";
		};
		DC44B15E1FB4B39D00F8CC14 /* SKOS */ = {
			isa = PBXGroup;
			children = (
				DF5DB0CE204BF0E100BC81EE /* SKOSv2 */,
				DCB269A91FB4BB56007B0121 /* SKOSTableViewCells */,
			);
			path = SKOS;
			sourceTree = "<group>";
		};
		DC4D86631FB3671600BCA567 /* Syllabus */ = {
			isa = PBXGroup;
			children = (
				DC4D866D1FB3678C00BCA567 /* SyllabusViewController.swift */,
				DC4D86741FB3678C00BCA567 /* SyllabusViewControllerProtocol.swift */,
				DC4D86881FB367CB00BCA567 /* Models */,
				DC4D86871FB367BE00BCA567 /* ViewControllers */,
				DC4D86861FB367B300BCA567 /* DataSources */,
			);
			path = Syllabus;
			sourceTree = "<group>";
		};
		DC4D86661FB3673500BCA567 /* Aktualnosci */ = {
			isa = PBXGroup;
			children = (
			);
			path = Aktualnosci;
			sourceTree = "<group>";
		};
		DC4D86671FB3674400BCA567 /* Plan */ = {
			isa = PBXGroup;
			children = (
			);
			path = Plan;
			sourceTree = "<group>";
		};
		DC4D86861FB367B300BCA567 /* DataSources */ = {
			isa = PBXGroup;
			children = (
				DC4D866B1FB3678C00BCA567 /* DepartmentTableViewDataSource.swift */,
				DC4D86681FB3678C00BCA567 /* DegreeTableViewDataSource.swift */,
				DC4D866A1FB3678C00BCA567 /* ModuleTableViewDataSource.swift */,
				DC4D86701FB3678C00BCA567 /* SyllabusDataSource.swift */,
			);
			path = DataSources;
			sourceTree = "<group>";
		};
		DC4D86871FB367BE00BCA567 /* ViewControllers */ = {
			isa = PBXGroup;
			children = (
				DC4D866C1FB3678C00BCA567 /* DepartmentListViewController.swift */,
				DC4D86691FB3678C00BCA567 /* DegreeListViewController.swift */,
				DC4D86761FB3678C00BCA567 /* ModuleViewController.swift */,
				DC4D86711FB3678C00BCA567 /* ModuleDetailsViewController.swift */,
			);
			path = ViewControllers;
			sourceTree = "<group>";
		};
		DC4D86881FB367CB00BCA567 /* Models */ = {
			isa = PBXGroup;
			children = (
				DC4D866F1FB3678C00BCA567 /* Degree.swift */,
				DC4D86721FB3678C00BCA567 /* Department.swift */,
				DC4D86751FB3678C00BCA567 /* Module.swift */,
				DC4D86731FB3678C00BCA567 /* ModuleActivity.swift */,
				DC4D866E1FB3678C00BCA567 /* UniversityTeacher.swift */,
			);
			path = Models;
			sourceTree = "<group>";
		};
		DC73E0CA21147D4C00509D15 /* Maps */ = {
			isa = PBXGroup;
			children = (
				DC73E0CB21147D4C00509D15 /* Spot.swift */,
				DC73E0CC21147D4C00509D15 /* SpotDataSource.swift */,
				DC73E0CD21147D4C00509D15 /* MapViewController.swift */,
				DC73E0CE21147D4C00509D15 /* SpotCollectionViewCell.swift */,
				DC73E0CF21147D4C00509D15 /* SpotsListTableViewCell.swift */,
				DC73E0D021147D4C00509D15 /* SpotCollectionViewController.swift */,
				DC73E0D121147D4C00509D15 /* SpotsListTableViewController.swift */,
			);
			name = Maps;
			path = AGH_Mobile/Maps;
			sourceTree = SOURCE_ROOT;
		};
		DCACED781FB3266A00239088 = {
			isa = PBXGroup;
			children = (
				BFC9CDE81FCDA6EE0023E23E /* WD */,
				DCACED831FB3266A00239088 /* AGH_Mobile */,
				DCACED821FB3266A00239088 /* Products */,
				6C85ECBAC3B24E37E8F8501E /* Pods */,
				3109B3880A6B08CF15BE699B /* Frameworks */,
			);
			sourceTree = "<group>";
		};
		DCACED821FB3266A00239088 /* Products */ = {
			isa = PBXGroup;
			children = (
				DCACED811FB3266A00239088 /* AGH_Mobile.app */,
			);
			name = Products;
			sourceTree = "<group>";
		};
		DCACED831FB3266A00239088 /* AGH_Mobile */ = {
			isa = PBXGroup;
			children = (
				DCACED841FB3266A00239088 /* AppDelegate.swift */,
				DC2E206E1FB4C917005E07AC /* AGH_MobileError.swift */,
				DC2E206D1FB4C83D005E07AC /* AGH-Mobile-Swift.h */,
				DC4D86631FB3671600BCA567 /* Syllabus */,
				DCACED861FB3266B00239088 /* ViewController.swift */,
				DC44B15E1FB4B39D00F8CC14 /* SKOS */,
				DC4D86671FB3674400BCA567 /* Plan */,
				DC4D86661FB3673500BCA567 /* Aktualnosci */,
				DCACED881FB3266B00239088 /* Main.storyboard */,
				DC73E0CA21147D4C00509D15 /* Maps */,
				DC73E0C721147C7E00509D15 /* Maps.storyboard */,
				DCACED8B1FB3266B00239088 /* Assets.xcassets */,
				DCACED8D1FB3266B00239088 /* LaunchScreen.storyboard */,
				DCACED901FB3266B00239088 /* Info.plist */,
			);
			path = AGH_Mobile;
			sourceTree = "<group>";
		};
		DCB269A91FB4BB56007B0121 /* SKOSTableViewCells */ = {
			isa = PBXGroup;
			children = (
				DC44B10F1FB4B37800F8CC14 /* SKOSPhoneTableViewCell.swift */,
				DC44B11C1FB4B37800F8CC14 /* SKOSTableViewCell.swift */,
				DC44B15F1FB4B43900F8CC14 /* SKOSMailTableViewCell.swift */,
				DC44B1601FB4B43900F8CC14 /* SKOSDepartmentTableViewCell.swift */,
			);
			path = SKOSTableViewCells;
			sourceTree = "<group>";
		};
		DF5DB0CE204BF0E100BC81EE /* SKOSv2 */ = {
			isa = PBXGroup;
			children = (
				DC4B9E88204F1A0200AC451F /* AlphabetViewController.swift */,
				DC4B9E86204F1A0200AC451F /* SKOS.swift */,
				DC4B9E85204F1A0200AC451F /* SKOSEMployee.swift */,
				DC4B9E87204F1A0200AC451F /* SKOSEmployeeDetailsViewController.swift */,
				DC4B9E84204F1A0200AC451F /* SKOSv2.swift */,
				DF5DB0CF204BF16200BC81EE /* AlphabetTableViewController.swift */,
			);
			path = SKOSv2;
			sourceTree = "<group>";
		};
/* End PBXGroup section */

/* Begin PBXNativeTarget section */
		DCACED801FB3266A00239088 /* AGH_Mobile */ = {
			isa = PBXNativeTarget;
			buildConfigurationList = DCACED931FB3266B00239088 /* Build configuration list for PBXNativeTarget "AGH_Mobile" */;
			buildPhases = (
				863FB371DDB13A54F97ABF58 /* [CP] Check Pods Manifest.lock */,
				DCACED7D1FB3266A00239088 /* Sources */,
				DCACED7E1FB3266A00239088 /* Frameworks */,
				DCACED7F1FB3266A00239088 /* Resources */,
				611064CD8CD5D7E6BBA78F87 /* [CP] Embed Pods Frameworks */,
			);
			buildRules = (
			);
			dependencies = (
			);
			name = AGH_Mobile;
			productName = AGH_Mobile;
			productReference = DCACED811FB3266A00239088 /* AGH_Mobile.app */;
			productType = "com.apple.product-type.application";
		};
/* End PBXNativeTarget section */

/* Begin PBXProject section */
		DCACED791FB3266A00239088 /* Project object */ = {
			isa = PBXProject;
			attributes = {
				LastSwiftUpdateCheck = 0910;
				LastUpgradeCheck = 0910;
				ORGANIZATIONNAME = mackn;
				TargetAttributes = {
					DCACED801FB3266A00239088 = {
						CreatedOnToolsVersion = 9.1;
						ProvisioningStyle = Automatic;
					};
				};
			};
			buildConfigurationList = DCACED7C1FB3266A00239088 /* Build configuration list for PBXProject "AGH_Mobile" */;
			compatibilityVersion = "Xcode 8.0";
			developmentRegion = en;
			hasScannedForEncodings = 0;
			knownRegions = (
				en,
				Base,
			);
			mainGroup = DCACED781FB3266A00239088;
			productRefGroup = DCACED821FB3266A00239088 /* Products */;
			projectDirPath = "";
			projectRoot = "";
			targets = (
				DCACED801FB3266A00239088 /* AGH_Mobile */,
			);
		};
/* End PBXProject section */

/* Begin PBXResourcesBuildPhase section */
		DCACED7F1FB3266A00239088 /* Resources */ = {
			isa = PBXResourcesBuildPhase;
			buildActionMask = 2147483647;
			files = (
				DCACED8F1FB3266B00239088 /* LaunchScreen.storyboard in Resources */,
				DCACED8C1FB3266B00239088 /* Assets.xcassets in Resources */,
				DCACED8A1FB3266B00239088 /* Main.storyboard in Resources */,
				DC73E0C921147C7E00509D15 /* Maps.storyboard in Resources */,
			);
			runOnlyForDeploymentPostprocessing = 0;
		};
/* End PBXResourcesBuildPhase section */

/* Begin PBXShellScriptBuildPhase section */
		611064CD8CD5D7E6BBA78F87 /* [CP] Embed Pods Frameworks */ = {
			isa = PBXShellScriptBuildPhase;
			buildActionMask = 2147483647;
			files = (
			);
			inputPaths = (
				"${SRCROOT}/Pods/Target Support Files/Pods-AGH_Mobile/Pods-AGH_Mobile-frameworks.sh",
				"${BUILT_PRODUCTS_DIR}/Alamofire/Alamofire.framework",
				"${BUILT_PRODUCTS_DIR}/AlamofireObjectMapper/AlamofireObjectMapper.framework",
				"${BUILT_PRODUCTS_DIR}/Charts/Charts.framework",
				"${BUILT_PRODUCTS_DIR}/Fuzi/Fuzi.framework",
				"${BUILT_PRODUCTS_DIR}/ObjectMapper/ObjectMapper.framework",
				"${BUILT_PRODUCTS_DIR}/SwiftyJSON/SwiftyJSON.framework",
				"${BUILT_PRODUCTS_DIR}/TFHpple/TFHpple.framework",
			);
			name = "[CP] Embed Pods Frameworks";
			outputPaths = (
				"${TARGET_BUILD_DIR}/${FRAMEWORKS_FOLDER_PATH}/Alamofire.framework",
				"${TARGET_BUILD_DIR}/${FRAMEWORKS_FOLDER_PATH}/AlamofireObjectMapper.framework",
				"${TARGET_BUILD_DIR}/${FRAMEWORKS_FOLDER_PATH}/Charts.framework",
				"${TARGET_BUILD_DIR}/${FRAMEWORKS_FOLDER_PATH}/Fuzi.framework",
				"${TARGET_BUILD_DIR}/${FRAMEWORKS_FOLDER_PATH}/ObjectMapper.framework",
				"${TARGET_BUILD_DIR}/${FRAMEWORKS_FOLDER_PATH}/SwiftyJSON.framework",
				"${TARGET_BUILD_DIR}/${FRAMEWORKS_FOLDER_PATH}/TFHpple.framework",
			);
			runOnlyForDeploymentPostprocessing = 0;
			shellPath = /bin/sh;
			shellScript = "\"${SRCROOT}/Pods/Target Support Files/Pods-AGH_Mobile/Pods-AGH_Mobile-frameworks.sh\"\n";
			showEnvVarsInLog = 0;
		};
		863FB371DDB13A54F97ABF58 /* [CP] Check Pods Manifest.lock */ = {
			isa = PBXShellScriptBuildPhase;
			buildActionMask = 2147483647;
			files = (
			);
			inputPaths = (
				"${PODS_PODFILE_DIR_PATH}/Podfile.lock",
				"${PODS_ROOT}/Manifest.lock",
			);
			name = "[CP] Check Pods Manifest.lock";
			outputPaths = (
				"$(DERIVED_FILE_DIR)/Pods-AGH_Mobile-checkManifestLockResult.txt",
			);
			runOnlyForDeploymentPostprocessing = 0;
			shellPath = /bin/sh;
			shellScript = "diff \"${PODS_PODFILE_DIR_PATH}/Podfile.lock\" \"${PODS_ROOT}/Manifest.lock\" > /dev/null\nif [ $? != 0 ] ; then\n    # print error to STDERR\n    echo \"error: The sandbox is not in sync with the Podfile.lock. Run 'pod install' or update your CocoaPods installation.\" >&2\n    exit 1\nfi\n# This output is used by Xcode 'outputs' to avoid re-running this script phase.\necho \"SUCCESS\" > \"${SCRIPT_OUTPUT_FILE_0}\"\n";
			showEnvVarsInLog = 0;
		};
/* End PBXShellScriptBuildPhase section */

/* Begin PBXSourcesBuildPhase section */
		DCACED7D1FB3266A00239088 /* Sources */ = {
			isa = PBXSourcesBuildPhase;
			buildActionMask = 2147483647;
			files = (
				DC73E0D521147D4C00509D15 /* SpotCollectionViewCell.swift in Sources */,
				BFC9CDEA1FCDA7160023E23E /* WDViewController.swift in Sources */,
				DC4D86781FB3678C00BCA567 /* DegreeListViewController.swift in Sources */,
				DC44B1611FB4B43900F8CC14 /* SKOSMailTableViewCell.swift in Sources */,
				DC4D86851FB3678C00BCA567 /* ModuleViewController.swift in Sources */,
				DC4B9E89204F1A0200AC451F /* SKOSv2.swift in Sources */,
				DC4D867E1FB3678C00BCA567 /* Degree.swift in Sources */,
				DC2E206F1FB4C917005E07AC /* AGH_MobileError.swift in Sources */,
				DC73E0D221147D4C00509D15 /* Spot.swift in Sources */,
				DC4B9E8C204F1A0200AC451F /* SKOSEmployeeDetailsViewController.swift in Sources */,
				DC4D867F1FB3678C00BCA567 /* SyllabusDataSource.swift in Sources */,
				DC4B9E8D204F1A0200AC451F /* AlphabetViewController.swift in Sources */,
				DC73E0D321147D4C00509D15 /* SpotDataSource.swift in Sources */,
				DCACED871FB3266B00239088 /* ViewController.swift in Sources */,
				DC4D867A1FB3678C00BCA567 /* DepartmentTableViewDataSource.swift in Sources */,
				DC4D86801FB3678C00BCA567 /* ModuleDetailsViewController.swift in Sources */,
				DC73E0D421147D4C00509D15 /* MapViewController.swift in Sources */,
				DC4D86771FB3678C00BCA567 /* DegreeTableViewDataSource.swift in Sources */,
				DC44B1411FB4B37B00F8CC14 /* SKOSPhoneTableViewCell.swift in Sources */,
				DC44B14C1FB4B37B00F8CC14 /* SKOSTableViewCell.swift in Sources */,
				DCACED851FB3266A00239088 /* AppDelegate.swift in Sources */,
				DC73E0D721147D4C00509D15 /* SpotCollectionViewController.swift in Sources */,
				DC4B9E8B204F1A0200AC451F /* SKOS.swift in Sources */,
				DC4D86831FB3678C00BCA567 /* SyllabusViewControllerProtocol.swift in Sources */,
				DC4D86821FB3678C00BCA567 /* ModuleActivity.swift in Sources */,
				DC73E0D821147D4C00509D15 /* SpotsListTableViewController.swift in Sources */,
				DC4D867C1FB3678C00BCA567 /* SyllabusViewController.swift in Sources */,
				DC44B1621FB4B43900F8CC14 /* SKOSDepartmentTableViewCell.swift in Sources */,
				DC4D86811FB3678C00BCA567 /* Department.swift in Sources */,
				DF5DB0D0204BF16200BC81EE /* AlphabetTableViewController.swift in Sources */,
				DC4D867D1FB3678C00BCA567 /* UniversityTeacher.swift in Sources */,
				DC4D86841FB3678C00BCA567 /* Module.swift in Sources */,
				DC4B9E8A204F1A0200AC451F /* SKOSEMployee.swift in Sources */,
				DC4D86791FB3678C00BCA567 /* ModuleTableViewDataSource.swift in Sources */,
				DC4D867B1FB3678C00BCA567 /* DepartmentListViewController.swift in Sources */,
				DC73E0D621147D4C00509D15 /* SpotsListTableViewCell.swift in Sources */,
			);
			runOnlyForDeploymentPostprocessing = 0;
		};
/* End PBXSourcesBuildPhase section */

/* Begin PBXVariantGroup section */
		DC73E0C721147C7E00509D15 /* Maps.storyboard */ = {
			isa = PBXVariantGroup;
			children = (
				DC73E0C821147C7E00509D15 /* Base */,
			);
			name = Maps.storyboard;
			sourceTree = "<group>";
		};
		DCACED881FB3266B00239088 /* Main.storyboard */ = {
			isa = PBXVariantGroup;
			children = (
				DCACED891FB3266B00239088 /* Base */,
			);
			name = Main.storyboard;
			sourceTree = "<group>";
		};
		DCACED8D1FB3266B00239088 /* LaunchScreen.storyboard */ = {
			isa = PBXVariantGroup;
			children = (
				DCACED8E1FB3266B00239088 /* Base */,
			);
			name = LaunchScreen.storyboard;
			sourceTree = "<group>";
		};
/* End PBXVariantGroup section */

/* Begin XCBuildConfiguration section */
		DCACED911FB3266B00239088 /* Debug */ = {
			isa = XCBuildConfiguration;
			buildSettings = {
				ALWAYS_SEARCH_USER_PATHS = NO;
				CLANG_ANALYZER_NONNULL = YES;
				CLANG_ANALYZER_NUMBER_OBJECT_CONVERSION = YES_AGGRESSIVE;
				CLANG_CXX_LANGUAGE_STANDARD = "gnu++14";
				CLANG_CXX_LIBRARY = "libc++";
				CLANG_ENABLE_MODULES = YES;
				CLANG_ENABLE_OBJC_ARC = YES;
				CLANG_WARN_BLOCK_CAPTURE_AUTORELEASING = YES;
				CLANG_WARN_BOOL_CONVERSION = YES;
				CLANG_WARN_COMMA = YES;
				CLANG_WARN_CONSTANT_CONVERSION = YES;
				CLANG_WARN_DIRECT_OBJC_ISA_USAGE = YES_ERROR;
				CLANG_WARN_DOCUMENTATION_COMMENTS = YES;
				CLANG_WARN_EMPTY_BODY = YES;
				CLANG_WARN_ENUM_CONVERSION = YES;
				CLANG_WARN_INFINITE_RECURSION = YES;
				CLANG_WARN_INT_CONVERSION = YES;
				CLANG_WARN_NON_LITERAL_NULL_CONVERSION = YES;
				CLANG_WARN_OBJC_LITERAL_CONVERSION = YES;
				CLANG_WARN_OBJC_ROOT_CLASS = YES_ERROR;
				CLANG_WARN_RANGE_LOOP_ANALYSIS = YES;
				CLANG_WARN_STRICT_PROTOTYPES = YES;
				CLANG_WARN_SUSPICIOUS_MOVE = YES;
				CLANG_WARN_UNGUARDED_AVAILABILITY = YES_AGGRESSIVE;
				CLANG_WARN_UNREACHABLE_CODE = YES;
				CLANG_WARN__DUPLICATE_METHOD_MATCH = YES;
				CODE_SIGN_IDENTITY = "iPhone Developer";
				COPY_PHASE_STRIP = NO;
				DEBUG_INFORMATION_FORMAT = dwarf;
				ENABLE_STRICT_OBJC_MSGSEND = YES;
				ENABLE_TESTABILITY = YES;
				GCC_C_LANGUAGE_STANDARD = gnu11;
				GCC_DYNAMIC_NO_PIC = NO;
				GCC_NO_COMMON_BLOCKS = YES;
				GCC_OPTIMIZATION_LEVEL = 0;
				GCC_PREPROCESSOR_DEFINITIONS = (
					"DEBUG=1",
					"$(inherited)",
				);
				GCC_WARN_64_TO_32_BIT_CONVERSION = YES;
				GCC_WARN_ABOUT_RETURN_TYPE = YES_ERROR;
				GCC_WARN_UNDECLARED_SELECTOR = YES;
				GCC_WARN_UNINITIALIZED_AUTOS = YES_AGGRESSIVE;
				GCC_WARN_UNUSED_FUNCTION = YES;
				GCC_WARN_UNUSED_VARIABLE = YES;
				IPHONEOS_DEPLOYMENT_TARGET = 11.1;
				MTL_ENABLE_DEBUG_INFO = YES;
				ONLY_ACTIVE_ARCH = YES;
				SDKROOT = iphoneos;
				SWIFT_ACTIVE_COMPILATION_CONDITIONS = DEBUG;
				SWIFT_OPTIMIZATION_LEVEL = "-Onone";
			};
			name = Debug;
		};
		DCACED921FB3266B00239088 /* Release */ = {
			isa = XCBuildConfiguration;
			buildSettings = {
				ALWAYS_SEARCH_USER_PATHS = NO;
				CLANG_ANALYZER_NONNULL = YES;
				CLANG_ANALYZER_NUMBER_OBJECT_CONVERSION = YES_AGGRESSIVE;
				CLANG_CXX_LANGUAGE_STANDARD = "gnu++14";
				CLANG_CXX_LIBRARY = "libc++";
				CLANG_ENABLE_MODULES = YES;
				CLANG_ENABLE_OBJC_ARC = YES;
				CLANG_WARN_BLOCK_CAPTURE_AUTORELEASING = YES;
				CLANG_WARN_BOOL_CONVERSION = YES;
				CLANG_WARN_COMMA = YES;
				CLANG_WARN_CONSTANT_CONVERSION = YES;
				CLANG_WARN_DIRECT_OBJC_ISA_USAGE = YES_ERROR;
				CLANG_WARN_DOCUMENTATION_COMMENTS = YES;
				CLANG_WARN_EMPTY_BODY = YES;
				CLANG_WARN_ENUM_CONVERSION = YES;
				CLANG_WARN_INFINITE_RECURSION = YES;
				CLANG_WARN_INT_CONVERSION = YES;
				CLANG_WARN_NON_LITERAL_NULL_CONVERSION = YES;
				CLANG_WARN_OBJC_LITERAL_CONVERSION = YES;
				CLANG_WARN_OBJC_ROOT_CLASS = YES_ERROR;
				CLANG_WARN_RANGE_LOOP_ANALYSIS = YES;
				CLANG_WARN_STRICT_PROTOTYPES = YES;
				CLANG_WARN_SUSPICIOUS_MOVE = YES;
				CLANG_WARN_UNGUARDED_AVAILABILITY = YES_AGGRESSIVE;
				CLANG_WARN_UNREACHABLE_CODE = YES;
				CLANG_WARN__DUPLICATE_METHOD_MATCH = YES;
				CODE_SIGN_IDENTITY = "iPhone Developer";
				COPY_PHASE_STRIP = NO;
				DEBUG_INFORMATION_FORMAT = "dwarf-with-dsym";
				ENABLE_NS_ASSERTIONS = NO;
				ENABLE_STRICT_OBJC_MSGSEND = YES;
				GCC_C_LANGUAGE_STANDARD = gnu11;
				GCC_NO_COMMON_BLOCKS = YES;
				GCC_WARN_64_TO_32_BIT_CONVERSION = YES;
				GCC_WARN_ABOUT_RETURN_TYPE = YES_ERROR;
				GCC_WARN_UNDECLARED_SELECTOR = YES;
				GCC_WARN_UNINITIALIZED_AUTOS = YES_AGGRESSIVE;
				GCC_WARN_UNUSED_FUNCTION = YES;
				GCC_WARN_UNUSED_VARIABLE = YES;
				IPHONEOS_DEPLOYMENT_TARGET = 11.1;
				MTL_ENABLE_DEBUG_INFO = NO;
				SDKROOT = iphoneos;
				SWIFT_OPTIMIZATION_LEVEL = "-Owholemodule";
				VALIDATE_PRODUCT = YES;
			};
			name = Release;
		};
		DCACED941FB3266B00239088 /* Debug */ = {
			isa = XCBuildConfiguration;
			baseConfigurationReference = 994F4FACF6F0C70B3F841AFC /* Pods-AGH_Mobile.debug.xcconfig */;
			buildSettings = {
				ASSETCATALOG_COMPILER_APPICON_NAME = AppIcon;
				CODE_SIGN_STYLE = Automatic;
				INFOPLIST_FILE = AGH_Mobile/Info.plist;
				LD_RUNPATH_SEARCH_PATHS = "$(inherited) @executable_path/Frameworks";
				PRODUCT_BUNDLE_IDENTIFIER = "pl.edu.agh.mackn.AGH-Mobile";
				PRODUCT_NAME = "$(TARGET_NAME)";
				SWIFT_VERSION = 4.0;
				TARGETED_DEVICE_FAMILY = "1,2";
			};
			name = Debug;
		};
		DCACED951FB3266B00239088 /* Release */ = {
			isa = XCBuildConfiguration;
			baseConfigurationReference = 7D91C1E49199987E51162C55 /* Pods-AGH_Mobile.release.xcconfig */;
			buildSettings = {
				ASSETCATALOG_COMPILER_APPICON_NAME = AppIcon;
				CODE_SIGN_STYLE = Automatic;
				INFOPLIST_FILE = AGH_Mobile/Info.plist;
				LD_RUNPATH_SEARCH_PATHS = "$(inherited) @executable_path/Frameworks";
				PRODUCT_BUNDLE_IDENTIFIER = "pl.edu.agh.mackn.AGH-Mobile";
				PRODUCT_NAME = "$(TARGET_NAME)";
				SWIFT_VERSION = 4.0;
				TARGETED_DEVICE_FAMILY = "1,2";
			};
			name = Release;
		};
/* End XCBuildConfiguration section */

/* Begin XCConfigurationList section */
		DCACED7C1FB3266A00239088 /* Build configuration list for PBXProject "AGH_Mobile" */ = {
			isa = XCConfigurationList;
			buildConfigurations = (
				DCACED911FB3266B00239088 /* Debug */,
				DCACED921FB3266B00239088 /* Release */,
			);
			defaultConfigurationIsVisible = 0;
			defaultConfigurationName = Release;
		};
		DCACED931FB3266B00239088 /* Build configuration list for PBXNativeTarget "AGH_Mobile" */ = {
			isa = XCConfigurationList;
			buildConfigurations = (
				DCACED941FB3266B00239088 /* Debug */,
				DCACED951FB3266B00239088 /* Release */,
			);
			defaultConfigurationIsVisible = 0;
			defaultConfigurationName = Release;
		};
/* End XCConfigurationList section */
	};
	rootObject = DCACED791FB3266A00239088 /* Project object */;
}
