PODS:
  - Alamofire (4.5.1)
  - AlamofireObjectMapper (5.0.0):
    - Alamofire (~> 4.1)
    - ObjectMapper (~> 3.0)
  - Charts (3.0.4):
    - Charts/Core (= 3.0.4)
  - Charts/Core (3.0.4)
  - Fuzi (2.0.1)
  - ObjectMapper (3.0.0)
  - SwiftyJSON (4.0.0)
  - TFHpple (2.0.0)

DEPENDENCIES:
  - Alamofire
  - AlamofireObjectMapper
  - Charts
  - Fuzi
  - SwiftyJSON
  - TFHpple

SPEC CHECKSUMS:
  Alamofire: 2d95912bf4c34f164fdfc335872e8c312acaea4a
  AlamofireObjectMapper: 5fafc816351cbbc0d486611aaeba7461c0cbad49
  Charts: 0705898046257443f0afbbc3179f4b67507b6e48
  Fuzi: f64983dea705491d3aedd32351247a09523e7efd
  ObjectMapper: 92230db59bf8f341a5c3a3cf0b9fbdde3cf0d87f
  SwiftyJSON: 070dabdcb1beb81b247c65ffa3a79dbbfb3b48aa
  TFHpple: a916fe0799eb30aa29b2670d14d5868cdd3a5b81

PODFILE CHECKSUM: a2bf1a03fa75bb1eac618c43bcaaac93440a6363

COCOAPODS: 1.3.1
