PODS:
  - Alamofire (5.0.0-beta.3)
  - AlamofireObjectMapper (6.0.0):
    - Alamofire (~> 5.0.0-beta.2)
    - ObjectMapper (~> 3.4)
  - Charts (3.2.2):
    - Charts/Core (= 3.2.2)
  - Charts/Core (3.2.2)
  - Fuzi (2.1.0)
  - Hero (1.4.0)
  - Hue (4.0.0)
  - ObjectMapper (3.4.2)
  - SwiftMessages (6.0.2):
    - SwiftMessages/App (= 6.0.2)
  - SwiftMessages/App (6.0.2)
  - SwiftSpinner (1.6.2)
  - SwiftyJSON (4.2.0)
  - TFHpple (2.0.0)

DEPENDENCIES:
  - Alamofire
  - AlamofireObjectMapper
  - Charts
  - Fuzi
  - Hero
  - Hue
  - SwiftMessages
  - SwiftSpinner
  - SwiftyJSON
  - TFHpple

SPEC REPOS:
  https://github.com/cocoapods/specs.git:
    - Alamofire
    - AlamofireObjectMapper
    - Charts
    - Fuzi
    - Hero
    - Hue
    - ObjectMapper
    - SwiftMessages
    - SwiftSpinner
    - SwiftyJSON
    - TFHpple

SPEC CHECKSUMS:
  Alamofire: 50d6fa7e8cbe7f84559e86ab641ffd029db655f8
  AlamofireObjectMapper: 8cf0e01a1b36b485877033f8f6aa733977488da3
  Charts: f69cf0518b6d1d62608ca504248f1bbe0b6ae77e
  Fuzi: 8c57344debff6d3a0c76a9e0f549152defdaaa48
  Hero: bac92350d7201a1a940003e0767c7b52ce7c99a1
  Hue: afe18b4e819e2848e7d2d5b4b33f4d3f88dd921b
  ObjectMapper: 0d4402610f4e468903ae64629eec4784531e5c51
  SwiftMessages: 8b3cc68dba2f1c91aac1a74c90b10287aac35371
  SwiftSpinner: 3a4c6dea425e5a31b908a8b1dd5dcd1ad4d96340
  SwiftyJSON: c4bcba26dd9ec7a027fc8eade48e2c911f229e96
  TFHpple: a916fe0799eb30aa29b2670d14d5868cdd3a5b81

PODFILE CHECKSUM: 934be8bc7cfb6f4f5d92616ea73d1832e96a42ff

COCOAPODS: 1.5.3
